<?xml version="1.0" encoding="UTF-8"?>
<!DOCTYPE plist PUBLIC "-//Apple//DTD PLIST 1.0//EN" "http://www.apple.com/DTDs/PropertyList-1.0.dtd">
<plist version="1.0">
<dict>
	<key>archiveVersion</key>
	<string>1</string>
	<key>classes</key>
	<dict/>
	<key>objectVersion</key>
	<string>46</string>
	<key>objects</key>
	<dict>
		<key>091029FC1D18419E902A893A</key>
		<dict>
			<key>fileRef</key>
			<string>27A5E0350E1B4D76AD19A28A</string>
			<key>isa</key>
			<string>PBXBuildFile</string>
		</dict>
		<key>24082D43375E4A9D852852B1</key>
		<dict>
			<key>fileRef</key>
			<string>6870BE867640483692FF37C8</string>
			<key>isa</key>
			<string>PBXBuildFile</string>
		</dict>
		<key>27A5E0350E1B4D76AD19A28A</key>
		<dict>
			<key>explicitFileType</key>
			<string>archive.ar</string>
			<key>includeInIndex</key>
			<string>0</string>
			<key>isa</key>
			<string>PBXFileReference</string>
			<key>path</key>
			<string>libPods.a</string>
			<key>sourceTree</key>
			<string>BUILT_PRODUCTS_DIR</string>
		</dict>
		<key>3BF62AEA360E4EFF8FDEB275</key>
		<dict>
			<key>buildActionMask</key>
			<string>2147483647</string>
			<key>files</key>
			<array/>
			<key>inputPaths</key>
			<array/>
			<key>isa</key>
			<string>PBXShellScriptBuildPhase</string>
			<key>name</key>
			<string>Copy Pods Resources</string>
			<key>outputPaths</key>
			<array/>
			<key>runOnlyForDeploymentPostprocessing</key>
			<string>0</string>
			<key>shellPath</key>
			<string>/bin/sh</string>
			<key>shellScript</key>
			<string>"${SRCROOT}/Pods/Pods-test-resources.sh"
</string>
			<key>showEnvVarsInLog</key>
			<string>0</string>
		</dict>
		<key>3D0B803BF7D249FBBE931236</key>
		<dict>
			<key>buildActionMask</key>
			<string>2147483647</string>
			<key>files</key>
			<array/>
			<key>inputPaths</key>
			<array/>
			<key>isa</key>
			<string>PBXShellScriptBuildPhase</string>
			<key>name</key>
			<string>Copy Pods Resources</string>
			<key>outputPaths</key>
			<array/>
			<key>runOnlyForDeploymentPostprocessing</key>
			<string>0</string>
			<key>shellPath</key>
			<string>/bin/sh</string>
			<key>shellScript</key>
			<string>"${SRCROOT}/Pods/Pods-resources.sh"
</string>
			<key>showEnvVarsInLog</key>
			<string>0</string>
		</dict>
		<key>471159A19850400C9F0B07AB</key>
		<dict>
			<key>explicitFileType</key>
			<string>archive.ar</string>
			<key>includeInIndex</key>
			<string>0</string>
			<key>isa</key>
			<string>PBXFileReference</string>
			<key>path</key>
			<string>libPods-TCGoogleStreetViewTests.a</string>
			<key>sourceTree</key>
			<string>BUILT_PRODUCTS_DIR</string>
		</dict>
		<key>6870BE867640483692FF37C8</key>
		<dict>
			<key>explicitFileType</key>
			<string>archive.ar</string>
			<key>includeInIndex</key>
			<string>0</string>
			<key>isa</key>
			<string>PBXFileReference</string>
			<key>path</key>
			<string>libPods-test.a</string>
			<key>sourceTree</key>
			<string>BUILT_PRODUCTS_DIR</string>
		</dict>
		<key>6ABAFC0379194C448BC1B15E</key>
		<dict>
			<key>buildActionMask</key>
			<string>2147483647</string>
			<key>files</key>
			<array/>
			<key>inputPaths</key>
			<array/>
			<key>isa</key>
			<string>PBXShellScriptBuildPhase</string>
			<key>name</key>
			<string>Check Pods Manifest.lock</string>
			<key>outputPaths</key>
			<array/>
			<key>runOnlyForDeploymentPostprocessing</key>
			<string>0</string>
			<key>shellPath</key>
			<string>/bin/sh</string>
			<key>shellScript</key>
			<string>diff "${PODS_ROOT}/../Podfile.lock" "${PODS_ROOT}/Manifest.lock" &gt; /dev/null
if [[ $? != 0 ]] ; then
    cat &lt;&lt; EOM
error: The sandbox is not in sync with the Podfile.lock. Run 'pod install' or update your CocoaPods installation.
EOM
    exit 1
fi
</string>
			<key>showEnvVarsInLog</key>
			<string>0</string>
		</dict>
		<key>8104F7C717F553EE00FA96BB</key>
		<dict>
			<key>fileEncoding</key>
			<string>4</string>
			<key>isa</key>
			<string>PBXFileReference</string>
			<key>lastKnownFileType</key>
			<string>text.json</string>
			<key>path</key>
			<string>GoogleArtProject.json</string>
			<key>sourceTree</key>
			<string>&lt;group&gt;</string>
		</dict>
		<key>8104F7C817F553EE00FA96BB</key>
		<dict>
			<key>fileRef</key>
			<string>8104F7C717F553EE00FA96BB</string>
			<key>isa</key>
			<string>PBXBuildFile</string>
		</dict>
		<key>8120A48E180A719900FB8921</key>
		<dict>
			<key>fileEncoding</key>
			<string>4</string>
			<key>isa</key>
			<string>PBXFileReference</string>
			<key>lastKnownFileType</key>
			<string>sourcecode.c.h</string>
			<key>path</key>
			<string>TCCameraController.h</string>
			<key>sourceTree</key>
			<string>&lt;group&gt;</string>
		</dict>
		<key>8120A48F180A719900FB8921</key>
		<dict>
			<key>fileEncoding</key>
			<string>4</string>
			<key>isa</key>
			<string>PBXFileReference</string>
			<key>lastKnownFileType</key>
			<string>sourcecode.c.objc</string>
			<key>path</key>
			<string>TCCameraController.m</string>
			<key>sourceTree</key>
			<string>&lt;group&gt;</string>
		</dict>
		<key>8120A490180A719900FB8921</key>
		<dict>
			<key>fileRef</key>
			<string>8120A48F180A719900FB8921</string>
			<key>isa</key>
			<string>PBXBuildFile</string>
		</dict>
		<key>8120A491180CEE4700FB8921</key>
		<dict>
			<key>fileEncoding</key>
			<string>4</string>
			<key>isa</key>
			<string>PBXFileReference</string>
			<key>lastKnownFileType</key>
			<string>sourcecode.c.h</string>
			<key>path</key>
			<string>TCTouchGestureRecognizer.h</string>
			<key>sourceTree</key>
			<string>&lt;group&gt;</string>
		</dict>
		<key>8120A492180CEE4700FB8921</key>
		<dict>
			<key>fileEncoding</key>
			<string>4</string>
			<key>isa</key>
			<string>PBXFileReference</string>
			<key>lastKnownFileType</key>
			<string>sourcecode.c.objc</string>
			<key>path</key>
			<string>TCTouchGestureRecognizer.m</string>
			<key>sourceTree</key>
			<string>&lt;group&gt;</string>
		</dict>
		<key>8120A493180CEE4700FB8921</key>
		<dict>
			<key>fileRef</key>
			<string>8120A492180CEE4700FB8921</string>
			<key>isa</key>
			<string>PBXBuildFile</string>
		</dict>
		<key>8120A494180D23AD00FB8921</key>
		<dict>
			<key>fileEncoding</key>
			<string>4</string>
			<key>isa</key>
			<string>PBXFileReference</string>
			<key>lastKnownFileType</key>
			<string>text.xcconfig</string>
			<key>name</key>
			<string>Pods.xcconfig</string>
			<key>path</key>
			<string>Pods/Pods.xcconfig</string>
			<key>sourceTree</key>
			<string>&lt;group&gt;</string>
		</dict>
		<key>8120A495180D23AD00FB8921</key>
		<dict>
			<key>fileRef</key>
			<string>8120A494180D23AD00FB8921</string>
			<key>isa</key>
			<string>PBXBuildFile</string>
		</dict>
		<key>812A33F217FEC06300DC5F3F</key>
		<dict>
			<key>fileEncoding</key>
			<string>4</string>
			<key>isa</key>
			<string>PBXFileReference</string>
			<key>lastKnownFileType</key>
			<string>sourcecode.c.h</string>
			<key>path</key>
			<string>GMSPanoramaLayer+Debug.h</string>
			<key>sourceTree</key>
			<string>&lt;group&gt;</string>
		</dict>
		<key>812A33F317FEC06300DC5F3F</key>
		<dict>
			<key>fileEncoding</key>
			<string>4</string>
			<key>isa</key>
			<string>PBXFileReference</string>
			<key>lastKnownFileType</key>
			<string>sourcecode.c.objc</string>
			<key>path</key>
			<string>GMSPanoramaLayer+Debug.m</string>
			<key>sourceTree</key>
			<string>&lt;group&gt;</string>
		</dict>
		<key>812A33F417FEC06300DC5F3F</key>
		<dict>
			<key>fileRef</key>
			<string>812A33F317FEC06300DC5F3F</string>
			<key>isa</key>
			<string>PBXBuildFile</string>
		</dict>
		<key>81316BE117FA73E300A2CA17</key>
		<dict>
			<key>children</key>
			<array>
				<string>81316BE217FA73E300A2CA17</string>
				<string>81316BE417FA73E300A2CA17</string>
			</array>
			<key>isa</key>
			<string>PBXGroup</string>
			<key>path</key>
			<string>SupportingFiles</string>
			<key>sourceTree</key>
			<string>&lt;group&gt;</string>
		</dict>
		<key>81316BE217FA73E300A2CA17</key>
		<dict>
			<key>children</key>
			<array>
				<string>81316BE317FA73E300A2CA17</string>
			</array>
			<key>isa</key>
			<string>PBXVariantGroup</string>
			<key>name</key>
			<string>InfoPlist.strings</string>
			<key>sourceTree</key>
			<string>&lt;group&gt;</string>
		</dict>
		<key>81316BE317FA73E300A2CA17</key>
		<dict>
			<key>isa</key>
			<string>PBXFileReference</string>
			<key>lastKnownFileType</key>
			<string>text.plist.strings</string>
			<key>name</key>
			<string>en</string>
			<key>path</key>
			<string>en.lproj/InfoPlist.strings</string>
			<key>sourceTree</key>
			<string>&lt;group&gt;</string>
		</dict>
		<key>81316BE417FA73E300A2CA17</key>
		<dict>
			<key>fileEncoding</key>
			<string>4</string>
			<key>isa</key>
			<string>PBXFileReference</string>
			<key>lastKnownFileType</key>
			<string>text.plist.xml</string>
			<key>path</key>
			<string>TCGoogleStreetViewTests-Info.plist</string>
			<key>sourceTree</key>
			<string>&lt;group&gt;</string>
		</dict>
		<key>81316BE517FA73E300A2CA17</key>
		<dict>
			<key>fileRef</key>
			<string>81316BE217FA73E300A2CA17</string>
			<key>isa</key>
			<string>PBXBuildFile</string>
		</dict>
		<key>81316BE817FA922300A2CA17</key>
		<dict>
			<key>fileEncoding</key>
			<string>4</string>
			<key>isa</key>
			<string>PBXFileReference</string>
			<key>lastKnownFileType</key>
			<string>sourcecode.c.objc</string>
			<key>path</key>
			<string>TCMuseumDataControllerTests.m</string>
			<key>sourceTree</key>
			<string>&lt;group&gt;</string>
		</dict>
		<key>81316BE917FA922300A2CA17</key>
		<dict>
			<key>fileRef</key>
			<string>81316BE817FA922300A2CA17</string>
			<key>isa</key>
			<string>PBXBuildFile</string>
		</dict>
		<key>81316BEA17FAA20A00A2CA17</key>
		<dict>
			<key>children</key>
			<array>
				<string>81316BEB17FAA22200A2CA17</string>
			</array>
			<key>isa</key>
			<string>PBXGroup</string>
			<key>path</key>
			<string>Data</string>
			<key>sourceTree</key>
			<string>&lt;group&gt;</string>
		</dict>
		<key>81316BEB17FAA22200A2CA17</key>
		<dict>
			<key>fileEncoding</key>
			<string>4</string>
			<key>isa</key>
			<string>PBXFileReference</string>
			<key>lastKnownFileType</key>
			<string>text.json</string>
			<key>path</key>
			<string>MuseumTestData.json</string>
			<key>sourceTree</key>
			<string>&lt;group&gt;</string>
		</dict>
		<key>81316BEC17FAA22200A2CA17</key>
		<dict>
			<key>fileRef</key>
			<string>81316BEB17FAA22200A2CA17</string>
			<key>isa</key>
			<string>PBXBuildFile</string>
		</dict>
		<key>81316BEF17FABED700A2CA17</key>
		<dict>
			<key>fileEncoding</key>
			<string>4</string>
			<key>isa</key>
			<string>PBXFileReference</string>
			<key>lastKnownFileType</key>
			<string>sourcecode.c.h</string>
			<key>path</key>
			<string>TCStaticMap.h</string>
			<key>sourceTree</key>
			<string>&lt;group&gt;</string>
		</dict>
		<key>81316BF017FABED700A2CA17</key>
		<dict>
			<key>fileEncoding</key>
			<string>4</string>
			<key>isa</key>
			<string>PBXFileReference</string>
			<key>lastKnownFileType</key>
			<string>sourcecode.c.objc</string>
			<key>path</key>
			<string>TCStaticMap.m</string>
			<key>sourceTree</key>
			<string>&lt;group&gt;</string>
		</dict>
		<key>81316BF117FABED700A2CA17</key>
		<dict>
			<key>fileRef</key>
			<string>81316BF017FABED700A2CA17</string>
			<key>isa</key>
			<string>PBXBuildFile</string>
		</dict>
		<key>81316BF217FAECBB00A2CA17</key>
		<dict>
			<key>fileEncoding</key>
			<string>4</string>
			<key>isa</key>
			<string>PBXFileReference</string>
			<key>lastKnownFileType</key>
			<string>sourcecode.c.objc</string>
			<key>path</key>
			<string>TCStaticMapTests.m</string>
			<key>sourceTree</key>
			<string>&lt;group&gt;</string>
		</dict>
		<key>81316BF317FAECBB00A2CA17</key>
		<dict>
			<key>fileRef</key>
			<string>81316BF217FAECBB00A2CA17</string>
			<key>isa</key>
			<string>PBXBuildFile</string>
		</dict>
		<key>814B526F17F2B9F6000606F1</key>
		<dict>
			<key>children</key>
			<array>
				<string>814B527017F2B9F6000606F1</string>
				<string>814B527117F2B9F6000606F1</string>
				<string>8120A48E180A719900FB8921</string>
				<string>8120A48F180A719900FB8921</string>
			</array>
			<key>isa</key>
			<string>PBXGroup</string>
			<key>path</key>
			<string>Controllers</string>
			<key>sourceTree</key>
			<string>&lt;group&gt;</string>
		</dict>
		<key>814B527017F2B9F6000606F1</key>
		<dict>
			<key>fileEncoding</key>
			<string>4</string>
			<key>isa</key>
			<string>PBXFileReference</string>
			<key>lastKnownFileType</key>
			<string>sourcecode.c.h</string>
			<key>path</key>
			<string>TCStreetViewController.h</string>
			<key>sourceTree</key>
			<string>&lt;group&gt;</string>
		</dict>
		<key>814B527117F2B9F6000606F1</key>
		<dict>
			<key>fileEncoding</key>
			<string>4</string>
			<key>isa</key>
			<string>PBXFileReference</string>
			<key>lastKnownFileType</key>
			<string>sourcecode.c.objc</string>
			<key>path</key>
			<string>TCStreetViewController.m</string>
			<key>sourceTree</key>
			<string>&lt;group&gt;</string>
		</dict>
		<key>814B527217F2B9F6000606F1</key>
		<dict>
			<key>children</key>
			<array>
				<string>81E6C51517F830C500A93925</string>
				<string>81E6C51617F830C500A93925</string>
				<string>81E6C51217F8211C00A93925</string>
				<string>81E6C51317F8211C00A93925</string>
				<string>81960B3C1803AAEB008AD254</string>
				<string>81960B3D1803AAEB008AD254</string>
				<string>81316BEF17FABED700A2CA17</string>
				<string>81316BF017FABED700A2CA17</string>
				<string>819B43831807CCAB00B7634B</string>
				<string>819B43841807CCAB00B7634B</string>
			</array>
			<key>isa</key>
			<string>PBXGroup</string>
			<key>path</key>
			<string>Models</string>
			<key>sourceTree</key>
			<string>&lt;group&gt;</string>
		</dict>
		<key>814B527317F2B9F6000606F1</key>
		<dict>
			<key>children</key>
			<array>
				<string>814B527417F2B9F6000606F1</string>
				<string>814B527617F2B9F6000606F1</string>
			</array>
			<key>isa</key>
			<string>PBXGroup</string>
			<key>path</key>
			<string>Resources</string>
			<key>sourceTree</key>
			<string>&lt;group&gt;</string>
		</dict>
		<key>814B527417F2B9F6000606F1</key>
		<dict>
			<key>children</key>
			<array>
				<string>814B527517F2B9F6000606F1</string>
			</array>
			<key>isa</key>
			<string>PBXGroup</string>
			<key>path</key>
			<string>Assets</string>
			<key>sourceTree</key>
			<string>&lt;group&gt;</string>
		</dict>
		<key>814B527517F2B9F6000606F1</key>
		<dict>
			<key>isa</key>
			<string>PBXFileReference</string>
			<key>lastKnownFileType</key>
			<string>folder.assetcatalog</string>
			<key>path</key>
			<string>Images.xcassets</string>
			<key>sourceTree</key>
			<string>&lt;group&gt;</string>
		</dict>
		<key>814B527617F2B9F6000606F1</key>
		<dict>
			<key>children</key>
			<array>
				<string>8104F7C717F553EE00FA96BB</string>
			</array>
			<key>isa</key>
			<string>PBXGroup</string>
			<key>path</key>
			<string>Data</string>
			<key>sourceTree</key>
			<string>&lt;group&gt;</string>
		</dict>
		<key>814B527717F2B9F6000606F1</key>
		<dict>
			<key>children</key>
			<array>
				<string>814B527817F2B9F6000606F1</string>
				<string>8120A491180CEE4700FB8921</string>
				<string>8120A492180CEE4700FB8921</string>
				<string>81F1329318052C6A00F2B806</string>
				<string>81F1329418052C6A00F2B806</string>
				<string>81F1329618052CFA00F2B806</string>
				<string>81F1329718052CFA00F2B806</string>
			</array>
			<key>isa</key>
			<string>PBXGroup</string>
			<key>path</key>
			<string>Views</string>
			<key>sourceTree</key>
			<string>&lt;group&gt;</string>
		</dict>
		<key>814B527817F2B9F6000606F1</key>
		<dict>
			<key>children</key>
			<array>
				<string>814B527917F2B9F6000606F1</string>
			</array>
			<key>isa</key>
			<string>PBXVariantGroup</string>
			<key>name</key>
			<string>Main.storyboard</string>
			<key>sourceTree</key>
			<string>&lt;group&gt;</string>
		</dict>
		<key>814B527917F2B9F6000606F1</key>
		<dict>
			<key>isa</key>
			<string>PBXFileReference</string>
			<key>lastKnownFileType</key>
			<string>file.storyboard</string>
			<key>name</key>
			<string>Base</string>
			<key>path</key>
			<string>Base.lproj/Main.storyboard</string>
			<key>sourceTree</key>
			<string>&lt;group&gt;</string>
		</dict>
		<key>814B527A17F2B9F6000606F1</key>
		<dict>
			<key>fileRef</key>
			<string>814B527117F2B9F6000606F1</string>
			<key>isa</key>
			<string>PBXBuildFile</string>
		</dict>
		<key>814B527B17F2B9F6000606F1</key>
		<dict>
			<key>fileRef</key>
			<string>814B527517F2B9F6000606F1</string>
			<key>isa</key>
			<string>PBXBuildFile</string>
		</dict>
		<key>814B527D17F2BA24000606F1</key>
		<dict>
			<key>children</key>
			<array>
				<string>814B527E17F2BA24000606F1</string>
				<string>814B528017F2BA24000606F1</string>
				<string>814B528117F2BA24000606F1</string>
				<string>814B528217F2BA24000606F1</string>
			</array>
			<key>isa</key>
			<string>PBXGroup</string>
			<key>path</key>
			<string>SupportingFiles</string>
			<key>sourceTree</key>
			<string>&lt;group&gt;</string>
		</dict>
		<key>814B527E17F2BA24000606F1</key>
		<dict>
			<key>children</key>
			<array>
				<string>814B527F17F2BA24000606F1</string>
			</array>
			<key>isa</key>
			<string>PBXVariantGroup</string>
			<key>name</key>
			<string>InfoPlist.strings</string>
			<key>sourceTree</key>
			<string>&lt;group&gt;</string>
		</dict>
		<key>814B527F17F2BA24000606F1</key>
		<dict>
			<key>isa</key>
			<string>PBXFileReference</string>
			<key>lastKnownFileType</key>
			<string>text.plist.strings</string>
			<key>name</key>
			<string>en</string>
			<key>path</key>
			<string>en.lproj/InfoPlist.strings</string>
			<key>sourceTree</key>
			<string>&lt;group&gt;</string>
		</dict>
		<key>814B528017F2BA24000606F1</key>
		<dict>
			<key>fileEncoding</key>
			<string>4</string>
			<key>isa</key>
			<string>PBXFileReference</string>
			<key>lastKnownFileType</key>
			<string>sourcecode.c.objc</string>
			<key>path</key>
			<string>main.m</string>
			<key>sourceTree</key>
			<string>&lt;group&gt;</string>
		</dict>
		<key>814B528117F2BA24000606F1</key>
		<dict>
			<key>fileEncoding</key>
			<string>4</string>
			<key>isa</key>
			<string>PBXFileReference</string>
			<key>lastKnownFileType</key>
			<string>text.plist.xml</string>
			<key>path</key>
			<string>TCGoogleStreetView-Info.plist</string>
			<key>sourceTree</key>
			<string>&lt;group&gt;</string>
		</dict>
		<key>814B528217F2BA24000606F1</key>
		<dict>
			<key>fileEncoding</key>
			<string>4</string>
			<key>isa</key>
			<string>PBXFileReference</string>
			<key>lastKnownFileType</key>
			<string>sourcecode.c.h</string>
			<key>path</key>
			<string>TCGoogleStreetView-Prefix.pch</string>
			<key>sourceTree</key>
			<string>&lt;group&gt;</string>
		</dict>
		<key>814B528317F2BA24000606F1</key>
		<dict>
			<key>fileRef</key>
			<string>814B527E17F2BA24000606F1</string>
			<key>isa</key>
			<string>PBXBuildFile</string>
		</dict>
		<key>814B528417F2BA24000606F1</key>
		<dict>
			<key>fileRef</key>
			<string>814B528017F2BA24000606F1</string>
			<key>isa</key>
			<string>PBXBuildFile</string>
		</dict>
		<key>814B528617F2C104000606F1</key>
		<dict>
			<key>fileRef</key>
			<string>814B527817F2B9F6000606F1</string>
			<key>isa</key>
			<string>PBXBuildFile</string>
		</dict>
		<key>814B528717F2C902000606F1</key>
		<dict>
			<key>children</key>
			<array>
				<string>814B528817F2C951000606F1</string>
				<string>814B528917F2C951000606F1</string>
				<string>814B528B17F3D65B000606F1</string>
				<string>814B528C17F3D65B000606F1</string>
				<string>814B528E17F3E863000606F1</string>
				<string>814B528F17F3E863000606F1</string>
				<string>812A33F217FEC06300DC5F3F</string>
				<string>812A33F317FEC06300DC5F3F</string>
				<string>819D95571803F10000A33896</string>
				<string>819D95581803F10000A33896</string>
			</array>
			<key>isa</key>
			<string>PBXGroup</string>
			<key>path</key>
			<string>Lib</string>
			<key>sourceTree</key>
			<string>&lt;group&gt;</string>
		</dict>
		<key>814B528817F2C951000606F1</key>
		<dict>
			<key>fileEncoding</key>
			<string>4</string>
			<key>isa</key>
			<string>PBXFileReference</string>
			<key>lastKnownFileType</key>
			<string>sourcecode.c.h</string>
			<key>path</key>
			<string>UIAlertView+NSErrorAdditions.h</string>
			<key>sourceTree</key>
			<string>&lt;group&gt;</string>
		</dict>
		<key>814B528917F2C951000606F1</key>
		<dict>
			<key>fileEncoding</key>
			<string>4</string>
			<key>isa</key>
			<string>PBXFileReference</string>
			<key>lastKnownFileType</key>
			<string>sourcecode.c.objc</string>
			<key>path</key>
			<string>UIAlertView+NSErrorAdditions.m</string>
			<key>sourceTree</key>
			<string>&lt;group&gt;</string>
		</dict>
		<key>814B528A17F2C951000606F1</key>
		<dict>
			<key>fileRef</key>
			<string>814B528917F2C951000606F1</string>
			<key>isa</key>
			<string>PBXBuildFile</string>
		</dict>
		<key>814B528B17F3D65B000606F1</key>
		<dict>
			<key>fileEncoding</key>
			<string>4</string>
			<key>isa</key>
			<string>PBXFileReference</string>
			<key>lastKnownFileType</key>
			<string>sourcecode.c.h</string>
			<key>path</key>
			<string>GMSPanorama+Debug.h</string>
			<key>sourceTree</key>
			<string>&lt;group&gt;</string>
		</dict>
		<key>814B528C17F3D65B000606F1</key>
		<dict>
			<key>fileEncoding</key>
			<string>4</string>
			<key>isa</key>
			<string>PBXFileReference</string>
			<key>lastKnownFileType</key>
			<string>sourcecode.c.objc</string>
			<key>path</key>
			<string>GMSPanorama+Debug.m</string>
			<key>sourceTree</key>
			<string>&lt;group&gt;</string>
		</dict>
		<key>814B528D17F3D65B000606F1</key>
		<dict>
			<key>fileRef</key>
			<string>814B528C17F3D65B000606F1</string>
			<key>isa</key>
			<string>PBXBuildFile</string>
		</dict>
		<key>814B528E17F3E863000606F1</key>
		<dict>
			<key>fileEncoding</key>
			<string>4</string>
			<key>isa</key>
			<string>PBXFileReference</string>
			<key>lastKnownFileType</key>
			<string>sourcecode.c.h</string>
			<key>path</key>
			<string>GMSPanoramaCamera+Debug.h</string>
			<key>sourceTree</key>
			<string>&lt;group&gt;</string>
		</dict>
		<key>814B528F17F3E863000606F1</key>
		<dict>
			<key>fileEncoding</key>
			<string>4</string>
			<key>isa</key>
			<string>PBXFileReference</string>
			<key>lastKnownFileType</key>
			<string>sourcecode.c.objc</string>
			<key>path</key>
			<string>GMSPanoramaCamera+Debug.m</string>
			<key>sourceTree</key>
			<string>&lt;group&gt;</string>
		</dict>
		<key>814B529017F3E863000606F1</key>
		<dict>
			<key>fileRef</key>
			<string>814B528F17F3E863000606F1</string>
			<key>isa</key>
			<string>PBXBuildFile</string>
		</dict>
		<key>81960B3C1803AAEB008AD254</key>
		<dict>
			<key>fileEncoding</key>
			<string>4</string>
			<key>isa</key>
			<string>PBXFileReference</string>
			<key>lastKnownFileType</key>
			<string>sourcecode.c.h</string>
			<key>path</key>
			<string>TCMuseumFloor.h</string>
			<key>sourceTree</key>
			<string>&lt;group&gt;</string>
		</dict>
		<key>81960B3D1803AAEB008AD254</key>
		<dict>
			<key>fileEncoding</key>
			<string>4</string>
			<key>isa</key>
			<string>PBXFileReference</string>
			<key>lastKnownFileType</key>
			<string>sourcecode.c.objc</string>
			<key>path</key>
			<string>TCMuseumFloor.m</string>
			<key>sourceTree</key>
			<string>&lt;group&gt;</string>
		</dict>
		<key>81960B3E1803AAEB008AD254</key>
		<dict>
			<key>fileRef</key>
			<string>81960B3D1803AAEB008AD254</string>
			<key>isa</key>
			<string>PBXBuildFile</string>
		</dict>
		<key>819B43831807CCAB00B7634B</key>
		<dict>
			<key>fileEncoding</key>
			<string>4</string>
			<key>isa</key>
			<string>PBXFileReference</string>
			<key>lastKnownFileType</key>
			<string>sourcecode.c.h</string>
			<key>path</key>
			<string>TCSpeechGuide.h</string>
			<key>sourceTree</key>
			<string>&lt;group&gt;</string>
		</dict>
		<key>819B43841807CCAB00B7634B</key>
		<dict>
			<key>fileEncoding</key>
			<string>4</string>
			<key>isa</key>
			<string>PBXFileReference</string>
			<key>lastKnownFileType</key>
			<string>sourcecode.c.objc</string>
			<key>path</key>
			<string>TCSpeechGuide.m</string>
			<key>sourceTree</key>
			<string>&lt;group&gt;</string>
		</dict>
		<key>819B43851807CCAB00B7634B</key>
		<dict>
			<key>fileRef</key>
			<string>819B43841807CCAB00B7634B</string>
			<key>isa</key>
			<string>PBXBuildFile</string>
		</dict>
		<key>819D95571803F10000A33896</key>
		<dict>
			<key>fileEncoding</key>
			<string>4</string>
			<key>isa</key>
			<string>PBXFileReference</string>
			<key>lastKnownFileType</key>
			<string>sourcecode.c.h</string>
			<key>path</key>
			<string>TCPanoramaLogger.h</string>
			<key>sourceTree</key>
			<string>&lt;group&gt;</string>
		</dict>
		<key>819D95581803F10000A33896</key>
		<dict>
			<key>fileEncoding</key>
			<string>4</string>
			<key>isa</key>
			<string>PBXFileReference</string>
			<key>lastKnownFileType</key>
			<string>sourcecode.c.objc</string>
			<key>path</key>
			<string>TCPanoramaLogger.m</string>
			<key>sourceTree</key>
			<string>&lt;group&gt;</string>
		</dict>
		<key>819D95591803F10000A33896</key>
		<dict>
			<key>fileRef</key>
			<string>819D95581803F10000A33896</string>
			<key>isa</key>
			<string>PBXBuildFile</string>
		</dict>
		<key>81E6C51217F8211C00A93925</key>
		<dict>
			<key>fileEncoding</key>
			<string>4</string>
			<key>isa</key>
			<string>PBXFileReference</string>
			<key>lastKnownFileType</key>
			<string>sourcecode.c.h</string>
			<key>path</key>
			<string>TCMuseum.h</string>
			<key>sourceTree</key>
			<string>&lt;group&gt;</string>
		</dict>
		<key>81E6C51317F8211C00A93925</key>
		<dict>
			<key>fileEncoding</key>
			<string>4</string>
			<key>isa</key>
			<string>PBXFileReference</string>
			<key>lastKnownFileType</key>
			<string>sourcecode.c.objc</string>
			<key>path</key>
			<string>TCMuseum.m</string>
			<key>sourceTree</key>
			<string>&lt;group&gt;</string>
		</dict>
		<key>81E6C51417F8211C00A93925</key>
		<dict>
			<key>fileRef</key>
			<string>81E6C51317F8211C00A93925</string>
			<key>isa</key>
			<string>PBXBuildFile</string>
		</dict>
		<key>81E6C51517F830C500A93925</key>
		<dict>
			<key>fileEncoding</key>
			<string>4</string>
			<key>isa</key>
			<string>PBXFileReference</string>
			<key>lastKnownFileType</key>
			<string>sourcecode.c.h</string>
			<key>path</key>
			<string>TCMuseumDataController.h</string>
			<key>sourceTree</key>
			<string>&lt;group&gt;</string>
		</dict>
		<key>81E6C51617F830C500A93925</key>
		<dict>
			<key>fileEncoding</key>
			<string>4</string>
			<key>isa</key>
			<string>PBXFileReference</string>
			<key>lastKnownFileType</key>
			<string>sourcecode.c.objc</string>
			<key>path</key>
			<string>TCMuseumDataController.m</string>
			<key>sourceTree</key>
			<string>&lt;group&gt;</string>
		</dict>
		<key>81E6C51717F830C500A93925</key>
		<dict>
			<key>fileRef</key>
			<string>81E6C51617F830C500A93925</string>
			<key>isa</key>
			<string>PBXBuildFile</string>
		</dict>
		<key>81E6C51817F95DCA00A93925</key>
		<dict>
			<key>fileEncoding</key>
			<string>4</string>
			<key>isa</key>
			<string>PBXFileReference</string>
			<key>lastKnownFileType</key>
			<string>sourcecode.c.objc</string>
			<key>path</key>
			<string>TCMuseumTests.m</string>
			<key>sourceTree</key>
			<string>&lt;group&gt;</string>
		</dict>
		<key>81E6C51917F95DCA00A93925</key>
		<dict>
			<key>fileRef</key>
			<string>81E6C51817F95DCA00A93925</string>
			<key>isa</key>
			<string>PBXBuildFile</string>
		</dict>
		<key>81ED17B41803B20B00A17140</key>
		<dict>
			<key>fileEncoding</key>
			<string>4</string>
			<key>isa</key>
			<string>PBXFileReference</string>
			<key>lastKnownFileType</key>
			<string>sourcecode.c.objc</string>
			<key>path</key>
			<string>TCMuseumFloorTests.m</string>
			<key>sourceTree</key>
			<string>&lt;group&gt;</string>
		</dict>
		<key>81ED17B51803B20B00A17140</key>
		<dict>
			<key>fileRef</key>
			<string>81ED17B41803B20B00A17140</string>
			<key>isa</key>
			<string>PBXBuildFile</string>
		</dict>
		<key>81EFBA1617F1B2F100F6FCD4</key>
		<dict>
			<key>children</key>
			<array>
				<string>81EFBA2817F1B2F100F6FCD4</string>
				<string>81EFBA4717F1B2F100F6FCD4</string>
				<string>81EFBA2117F1B2F100F6FCD4</string>
				<string>81EFBA2017F1B2F100F6FCD4</string>
				<string>8120A494180D23AD00FB8921</string>
				<string>94B1A155DFE34579A82C836A</string>
			</array>
			<key>isa</key>
			<string>PBXGroup</string>
			<key>sourceTree</key>
			<string>&lt;group&gt;</string>
		</dict>
		<key>81EFBA1717F1B2F100F6FCD4</key>
		<dict>
			<key>attributes</key>
			<dict>
				<key>CLASSPREFIX</key>
				<string>TC</string>
				<key>LastUpgradeCheck</key>
				<string>0500</string>
				<key>ORGANIZATIONNAME</key>
				<string>Lee Tze Cheun</string>
				<key>TargetAttributes</key>
				<dict>
					<key>81EFBA3F17F1B2F100F6FCD4</key>
					<dict>
						<key>TestTargetID</key>
						<string>81EFBA1E17F1B2F100F6FCD4</string>
					</dict>
				</dict>
			</dict>
			<key>buildConfigurationList</key>
			<string>81EFBA1A17F1B2F100F6FCD4</string>
			<key>compatibilityVersion</key>
			<string>Xcode 3.2</string>
			<key>developmentRegion</key>
			<string>English</string>
			<key>hasScannedForEncodings</key>
			<string>0</string>
			<key>isa</key>
			<string>PBXProject</string>
			<key>knownRegions</key>
			<array>
				<string>en</string>
				<string>Base</string>
			</array>
			<key>mainGroup</key>
			<string>81EFBA1617F1B2F100F6FCD4</string>
			<key>productRefGroup</key>
			<string>81EFBA2017F1B2F100F6FCD4</string>
			<key>projectDirPath</key>
			<string></string>
			<key>projectReferences</key>
			<array/>
			<key>projectRoot</key>
			<string></string>
			<key>targets</key>
			<array>
				<string>81EFBA1E17F1B2F100F6FCD4</string>
				<string>81EFBA3F17F1B2F100F6FCD4</string>
			</array>
		</dict>
		<key>81EFBA1A17F1B2F100F6FCD4</key>
		<dict>
			<key>buildConfigurations</key>
			<array>
				<string>81EFBA4F17F1B2F100F6FCD4</string>
				<string>81EFBA5017F1B2F100F6FCD4</string>
			</array>
			<key>defaultConfigurationIsVisible</key>
			<string>0</string>
			<key>defaultConfigurationName</key>
			<string>Release</string>
			<key>isa</key>
			<string>XCConfigurationList</string>
		</dict>
		<key>81EFBA1B17F1B2F100F6FCD4</key>
		<dict>
			<key>buildActionMask</key>
			<string>2147483647</string>
			<key>files</key>
			<array>
				<string>814B527A17F2B9F6000606F1</string>
				<string>814B529017F3E863000606F1</string>
				<string>814B528417F2BA24000606F1</string>
				<string>8120A490180A719900FB8921</string>
				<string>8120A493180CEE4700FB8921</string>
				<string>81960B3E1803AAEB008AD254</string>
				<string>81F1329518052C6A00F2B806</string>
				<string>81EFBA3317F1B2F100F6FCD4</string>
				<string>812A33F417FEC06300DC5F3F</string>
				<string>819B43851807CCAB00B7634B</string>
				<string>81F1329818052CFA00F2B806</string>
				<string>819D95591803F10000A33896</string>
				<string>81E6C51717F830C500A93925</string>
				<string>81E6C51417F8211C00A93925</string>
				<string>814B528A17F2C951000606F1</string>
				<string>814B528D17F3D65B000606F1</string>
				<string>81316BF117FABED700A2CA17</string>
			</array>
			<key>isa</key>
			<string>PBXSourcesBuildPhase</string>
			<key>runOnlyForDeploymentPostprocessing</key>
			<string>0</string>
		</dict>
		<key>81EFBA1C17F1B2F100F6FCD4</key>
		<dict>
			<key>buildActionMask</key>
			<string>2147483647</string>
			<key>files</key>
			<array>
				<string>81EFBA2517F1B2F100F6FCD4</string>
				<string>81EFBA2717F1B2F100F6FCD4</string>
				<string>81EFBA2317F1B2F100F6FCD4</string>
				<string>091029FC1D18419E902A893A</string>
			</array>
			<key>isa</key>
			<string>PBXFrameworksBuildPhase</string>
			<key>runOnlyForDeploymentPostprocessing</key>
			<string>0</string>
		</dict>
		<key>81EFBA1D17F1B2F100F6FCD4</key>
		<dict>
			<key>buildActionMask</key>
			<string>2147483647</string>
			<key>files</key>
			<array>
				<string>8120A495180D23AD00FB8921</string>
				<string>8104F7C817F553EE00FA96BB</string>
				<string>814B528617F2C104000606F1</string>
				<string>814B528317F2BA24000606F1</string>
				<string>814B527B17F2B9F6000606F1</string>
			</array>
			<key>isa</key>
			<string>PBXResourcesBuildPhase</string>
			<key>runOnlyForDeploymentPostprocessing</key>
			<string>0</string>
		</dict>
		<key>81EFBA1E17F1B2F100F6FCD4</key>
		<dict>
			<key>buildConfigurationList</key>
			<string>81EFBA5117F1B2F100F6FCD4</string>
			<key>buildPhases</key>
			<array>
				<string>F943F713EBC944EE8EF5DD9F</string>
				<string>81EFBA1B17F1B2F100F6FCD4</string>
				<string>81EFBA1C17F1B2F100F6FCD4</string>
				<string>81EFBA1D17F1B2F100F6FCD4</string>
				<string>3D0B803BF7D249FBBE931236</string>
			</array>
			<key>buildRules</key>
			<array/>
			<key>dependencies</key>
			<array/>
			<key>isa</key>
			<string>PBXNativeTarget</string>
			<key>name</key>
			<string>TCGoogleStreetView</string>
			<key>productName</key>
			<string>TCGoogleStreetView</string>
			<key>productReference</key>
			<string>81EFBA1F17F1B2F100F6FCD4</string>
			<key>productType</key>
			<string>com.apple.product-type.application</string>
		</dict>
		<key>81EFBA1F17F1B2F100F6FCD4</key>
		<dict>
			<key>explicitFileType</key>
			<string>wrapper.application</string>
			<key>includeInIndex</key>
			<string>0</string>
			<key>isa</key>
			<string>PBXFileReference</string>
			<key>path</key>
			<string>TCGoogleStreetView.app</string>
			<key>sourceTree</key>
			<string>BUILT_PRODUCTS_DIR</string>
		</dict>
		<key>81EFBA2017F1B2F100F6FCD4</key>
		<dict>
			<key>children</key>
			<array>
				<string>81EFBA1F17F1B2F100F6FCD4</string>
				<string>81EFBA4017F1B2F100F6FCD4</string>
			</array>
			<key>isa</key>
			<string>PBXGroup</string>
			<key>name</key>
			<string>Products</string>
			<key>sourceTree</key>
			<string>&lt;group&gt;</string>
		</dict>
		<key>81EFBA2117F1B2F100F6FCD4</key>
		<dict>
			<key>children</key>
			<array>
				<string>81EFBA2217F1B2F100F6FCD4</string>
				<string>81EFBA2417F1B2F100F6FCD4</string>
				<string>81EFBA2617F1B2F100F6FCD4</string>
				<string>81EFBA4117F1B2F100F6FCD4</string>
				<string>27A5E0350E1B4D76AD19A28A</string>
				<string>471159A19850400C9F0B07AB</string>
				<string>DF97F00FB34943B6A76D441F</string>
				<string>C2D35A85DA374B2DB032F6D6</string>
				<string>6870BE867640483692FF37C8</string>
			</array>
			<key>isa</key>
			<string>PBXGroup</string>
			<key>name</key>
			<string>Frameworks</string>
			<key>sourceTree</key>
			<string>&lt;group&gt;</string>
		</dict>
		<key>81EFBA2217F1B2F100F6FCD4</key>
		<dict>
			<key>isa</key>
			<string>PBXFileReference</string>
			<key>lastKnownFileType</key>
			<string>wrapper.framework</string>
			<key>name</key>
			<string>Foundation.framework</string>
			<key>path</key>
			<string>System/Library/Frameworks/Foundation.framework</string>
			<key>sourceTree</key>
			<string>SDKROOT</string>
		</dict>
		<key>81EFBA2317F1B2F100F6FCD4</key>
		<dict>
			<key>fileRef</key>
			<string>81EFBA2217F1B2F100F6FCD4</string>
			<key>isa</key>
			<string>PBXBuildFile</string>
		</dict>
		<key>81EFBA2417F1B2F100F6FCD4</key>
		<dict>
			<key>isa</key>
			<string>PBXFileReference</string>
			<key>lastKnownFileType</key>
			<string>wrapper.framework</string>
			<key>name</key>
			<string>CoreGraphics.framework</string>
			<key>path</key>
			<string>System/Library/Frameworks/CoreGraphics.framework</string>
			<key>sourceTree</key>
			<string>SDKROOT</string>
		</dict>
		<key>81EFBA2517F1B2F100F6FCD4</key>
		<dict>
			<key>fileRef</key>
			<string>81EFBA2417F1B2F100F6FCD4</string>
			<key>isa</key>
			<string>PBXBuildFile</string>
		</dict>
		<key>81EFBA2617F1B2F100F6FCD4</key>
		<dict>
			<key>isa</key>
			<string>PBXFileReference</string>
			<key>lastKnownFileType</key>
			<string>wrapper.framework</string>
			<key>name</key>
			<string>UIKit.framework</string>
			<key>path</key>
			<string>System/Library/Frameworks/UIKit.framework</string>
			<key>sourceTree</key>
			<string>SDKROOT</string>
		</dict>
		<key>81EFBA2717F1B2F100F6FCD4</key>
		<dict>
			<key>fileRef</key>
			<string>81EFBA2617F1B2F100F6FCD4</string>
			<key>isa</key>
			<string>PBXBuildFile</string>
		</dict>
		<key>81EFBA2817F1B2F100F6FCD4</key>
		<dict>
			<key>children</key>
			<array>
				<string>81EFBA3117F1B2F100F6FCD4</string>
				<string>81EFBA3217F1B2F100F6FCD4</string>
				<string>814B528717F2C902000606F1</string>
				<string>814B527217F2B9F6000606F1</string>
				<string>814B526F17F2B9F6000606F1</string>
				<string>814B527717F2B9F6000606F1</string>
				<string>814B527317F2B9F6000606F1</string>
				<string>814B527D17F2BA24000606F1</string>
			</array>
			<key>isa</key>
			<string>PBXGroup</string>
			<key>path</key>
			<string>TCGoogleStreetView</string>
			<key>sourceTree</key>
			<string>&lt;group&gt;</string>
		</dict>
		<key>81EFBA3117F1B2F100F6FCD4</key>
		<dict>
			<key>isa</key>
			<string>PBXFileReference</string>
			<key>lastKnownFileType</key>
			<string>sourcecode.c.h</string>
			<key>path</key>
			<string>TCAppDelegate.h</string>
			<key>sourceTree</key>
			<string>&lt;group&gt;</string>
		</dict>
		<key>81EFBA3217F1B2F100F6FCD4</key>
		<dict>
			<key>isa</key>
			<string>PBXFileReference</string>
			<key>lastKnownFileType</key>
			<string>sourcecode.c.objc</string>
			<key>path</key>
			<string>TCAppDelegate.m</string>
			<key>sourceTree</key>
			<string>&lt;group&gt;</string>
		</dict>
		<key>81EFBA3317F1B2F100F6FCD4</key>
		<dict>
			<key>fileRef</key>
			<string>81EFBA3217F1B2F100F6FCD4</string>
			<key>isa</key>
			<string>PBXBuildFile</string>
		</dict>
		<key>81EFBA3C17F1B2F100F6FCD4</key>
		<dict>
			<key>buildActionMask</key>
			<string>2147483647</string>
			<key>files</key>
			<array>
				<string>81316BE917FA922300A2CA17</string>
				<string>81316BF317FAECBB00A2CA17</string>
				<string>81E6C51917F95DCA00A93925</string>
				<string>81ED17B51803B20B00A17140</string>
			</array>
			<key>isa</key>
			<string>PBXSourcesBuildPhase</string>
			<key>runOnlyForDeploymentPostprocessing</key>
			<string>0</string>
		</dict>
		<key>81EFBA3D17F1B2F100F6FCD4</key>
		<dict>
			<key>buildActionMask</key>
			<string>2147483647</string>
			<key>files</key>
			<array>
				<string>81EFBA4217F1B2F100F6FCD4</string>
				<string>81EFBA4417F1B2F100F6FCD4</string>
				<string>81EFBA4317F1B2F100F6FCD4</string>
				<string>24082D43375E4A9D852852B1</string>
			</array>
			<key>isa</key>
			<string>PBXFrameworksBuildPhase</string>
			<key>runOnlyForDeploymentPostprocessing</key>
			<string>0</string>
		</dict>
		<key>81EFBA3E17F1B2F100F6FCD4</key>
		<dict>
			<key>buildActionMask</key>
			<string>2147483647</string>
			<key>files</key>
			<array>
				<string>81316BE517FA73E300A2CA17</string>
				<string>81316BEC17FAA22200A2CA17</string>
			</array>
			<key>isa</key>
			<string>PBXResourcesBuildPhase</string>
			<key>runOnlyForDeploymentPostprocessing</key>
			<string>0</string>
		</dict>
		<key>81EFBA3F17F1B2F100F6FCD4</key>
		<dict>
			<key>buildConfigurationList</key>
			<string>81EFBA5417F1B2F100F6FCD4</string>
			<key>buildPhases</key>
			<array>
				<string>6ABAFC0379194C448BC1B15E</string>
				<string>81EFBA3C17F1B2F100F6FCD4</string>
				<string>81EFBA3D17F1B2F100F6FCD4</string>
				<string>81EFBA3E17F1B2F100F6FCD4</string>
				<string>3BF62AEA360E4EFF8FDEB275</string>
			</array>
			<key>buildRules</key>
			<array/>
			<key>dependencies</key>
			<array>
				<string>81EFBA4617F1B2F100F6FCD4</string>
			</array>
			<key>isa</key>
			<string>PBXNativeTarget</string>
			<key>name</key>
			<string>TCGoogleStreetViewTests</string>
			<key>productName</key>
			<string>TCGoogleStreetViewTests</string>
			<key>productReference</key>
			<string>81EFBA4017F1B2F100F6FCD4</string>
			<key>productType</key>
			<string>com.apple.product-type.bundle.unit-test</string>
		</dict>
		<key>81EFBA4017F1B2F100F6FCD4</key>
		<dict>
			<key>explicitFileType</key>
			<string>wrapper.cfbundle</string>
			<key>includeInIndex</key>
			<string>0</string>
			<key>isa</key>
			<string>PBXFileReference</string>
			<key>path</key>
			<string>TCGoogleStreetViewTests.xctest</string>
			<key>sourceTree</key>
			<string>BUILT_PRODUCTS_DIR</string>
		</dict>
		<key>81EFBA4117F1B2F100F6FCD4</key>
		<dict>
			<key>isa</key>
			<string>PBXFileReference</string>
			<key>lastKnownFileType</key>
			<string>wrapper.framework</string>
			<key>name</key>
			<string>XCTest.framework</string>
			<key>path</key>
			<string>Library/Frameworks/XCTest.framework</string>
			<key>sourceTree</key>
			<string>DEVELOPER_DIR</string>
		</dict>
		<key>81EFBA4217F1B2F100F6FCD4</key>
		<dict>
			<key>fileRef</key>
			<string>81EFBA4117F1B2F100F6FCD4</string>
			<key>isa</key>
			<string>PBXBuildFile</string>
		</dict>
		<key>81EFBA4317F1B2F100F6FCD4</key>
		<dict>
			<key>fileRef</key>
			<string>81EFBA2217F1B2F100F6FCD4</string>
			<key>isa</key>
			<string>PBXBuildFile</string>
		</dict>
		<key>81EFBA4417F1B2F100F6FCD4</key>
		<dict>
			<key>fileRef</key>
			<string>81EFBA2617F1B2F100F6FCD4</string>
			<key>isa</key>
			<string>PBXBuildFile</string>
		</dict>
		<key>81EFBA4517F1B2F100F6FCD4</key>
		<dict>
			<key>containerPortal</key>
			<string>81EFBA1717F1B2F100F6FCD4</string>
			<key>isa</key>
			<string>PBXContainerItemProxy</string>
			<key>proxyType</key>
			<string>1</string>
			<key>remoteGlobalIDString</key>
			<string>81EFBA1E17F1B2F100F6FCD4</string>
			<key>remoteInfo</key>
			<string>TCGoogleStreetView</string>
		</dict>
		<key>81EFBA4617F1B2F100F6FCD4</key>
		<dict>
			<key>isa</key>
			<string>PBXTargetDependency</string>
			<key>target</key>
			<string>81EFBA1E17F1B2F100F6FCD4</string>
			<key>targetProxy</key>
			<string>81EFBA4517F1B2F100F6FCD4</string>
		</dict>
		<key>81EFBA4717F1B2F100F6FCD4</key>
		<dict>
			<key>children</key>
			<array>
				<string>81316BE817FA922300A2CA17</string>
				<string>81E6C51817F95DCA00A93925</string>
				<string>81ED17B41803B20B00A17140</string>
				<string>81316BF217FAECBB00A2CA17</string>
				<string>81316BEA17FAA20A00A2CA17</string>
				<string>81316BE117FA73E300A2CA17</string>
			</array>
			<key>isa</key>
			<string>PBXGroup</string>
			<key>path</key>
			<string>TCGoogleStreetViewTests</string>
			<key>sourceTree</key>
			<string>&lt;group&gt;</string>
		</dict>
		<key>81EFBA4F17F1B2F100F6FCD4</key>
		<dict>
			<key>buildSettings</key>
			<dict>
				<key>ALWAYS_SEARCH_USER_PATHS</key>
				<string>NO</string>
				<key>ARCHS</key>
				<string>$(ARCHS_STANDARD_INCLUDING_64_BIT)</string>
				<key>CLANG_CXX_LANGUAGE_STANDARD</key>
				<string>gnu++0x</string>
				<key>CLANG_CXX_LIBRARY</key>
				<string>libc++</string>
				<key>CLANG_ENABLE_MODULES</key>
				<string>YES</string>
				<key>CLANG_ENABLE_OBJC_ARC</key>
				<string>YES</string>
				<key>CLANG_WARN_BOOL_CONVERSION</key>
				<string>YES</string>
				<key>CLANG_WARN_CONSTANT_CONVERSION</key>
				<string>YES</string>
				<key>CLANG_WARN_DIRECT_OBJC_ISA_USAGE</key>
				<string>YES_ERROR</string>
				<key>CLANG_WARN_EMPTY_BODY</key>
				<string>YES</string>
				<key>CLANG_WARN_ENUM_CONVERSION</key>
				<string>YES</string>
				<key>CLANG_WARN_INT_CONVERSION</key>
				<string>YES</string>
				<key>CLANG_WARN_OBJC_ROOT_CLASS</key>
				<string>YES_ERROR</string>
				<key>CLANG_WARN__DUPLICATE_METHOD_MATCH</key>
				<string>YES</string>
				<key>CODE_SIGN_IDENTITY[sdk=iphoneos*]</key>
				<string>iPhone Developer</string>
				<key>COPY_PHASE_STRIP</key>
				<string>NO</string>
				<key>GCC_C_LANGUAGE_STANDARD</key>
				<string>gnu99</string>
				<key>GCC_DYNAMIC_NO_PIC</key>
				<string>NO</string>
				<key>GCC_OPTIMIZATION_LEVEL</key>
				<string>0</string>
				<key>GCC_PREPROCESSOR_DEFINITIONS</key>
				<array>
					<string>DEBUG=1</string>
					<string>$(inherited)</string>
				</array>
				<key>GCC_SYMBOLS_PRIVATE_EXTERN</key>
				<string>NO</string>
				<key>GCC_TREAT_WARNINGS_AS_ERRORS</key>
				<string>YES</string>
				<key>GCC_WARN_64_TO_32_BIT_CONVERSION</key>
				<string>YES</string>
				<key>GCC_WARN_ABOUT_RETURN_TYPE</key>
				<string>YES_ERROR</string>
				<key>GCC_WARN_UNDECLARED_SELECTOR</key>
				<string>YES</string>
				<key>GCC_WARN_UNINITIALIZED_AUTOS</key>
				<string>YES</string>
				<key>GCC_WARN_UNUSED_FUNCTION</key>
				<string>YES</string>
				<key>GCC_WARN_UNUSED_VARIABLE</key>
				<string>YES</string>
				<key>IPHONEOS_DEPLOYMENT_TARGET</key>
				<string>7.0</string>
				<key>ONLY_ACTIVE_ARCH</key>
				<string>YES</string>
				<key>SDKROOT</key>
				<string>iphoneos</string>
				<key>TARGETED_DEVICE_FAMILY</key>
				<string>2</string>
			</dict>
			<key>isa</key>
			<string>XCBuildConfiguration</string>
			<key>name</key>
			<string>Debug</string>
		</dict>
		<key>81EFBA5017F1B2F100F6FCD4</key>
		<dict>
			<key>buildSettings</key>
			<dict>
				<key>ALWAYS_SEARCH_USER_PATHS</key>
				<string>NO</string>
				<key>ARCHS</key>
				<string>$(ARCHS_STANDARD_INCLUDING_64_BIT)</string>
				<key>CLANG_CXX_LANGUAGE_STANDARD</key>
				<string>gnu++0x</string>
				<key>CLANG_CXX_LIBRARY</key>
				<string>libc++</string>
				<key>CLANG_ENABLE_MODULES</key>
				<string>YES</string>
				<key>CLANG_ENABLE_OBJC_ARC</key>
				<string>YES</string>
				<key>CLANG_WARN_BOOL_CONVERSION</key>
				<string>YES</string>
				<key>CLANG_WARN_CONSTANT_CONVERSION</key>
				<string>YES</string>
				<key>CLANG_WARN_DIRECT_OBJC_ISA_USAGE</key>
				<string>YES_ERROR</string>
				<key>CLANG_WARN_EMPTY_BODY</key>
				<string>YES</string>
				<key>CLANG_WARN_ENUM_CONVERSION</key>
				<string>YES</string>
				<key>CLANG_WARN_INT_CONVERSION</key>
				<string>YES</string>
				<key>CLANG_WARN_OBJC_ROOT_CLASS</key>
				<string>YES_ERROR</string>
				<key>CLANG_WARN__DUPLICATE_METHOD_MATCH</key>
				<string>YES</string>
				<key>CODE_SIGN_IDENTITY[sdk=iphoneos*]</key>
				<string>iPhone Developer</string>
				<key>COPY_PHASE_STRIP</key>
				<string>YES</string>
				<key>ENABLE_NS_ASSERTIONS</key>
				<string>NO</string>
				<key>GCC_C_LANGUAGE_STANDARD</key>
				<string>gnu99</string>
				<key>GCC_TREAT_WARNINGS_AS_ERRORS</key>
				<string>YES</string>
				<key>GCC_WARN_64_TO_32_BIT_CONVERSION</key>
				<string>YES</string>
				<key>GCC_WARN_ABOUT_RETURN_TYPE</key>
				<string>YES_ERROR</string>
				<key>GCC_WARN_UNDECLARED_SELECTOR</key>
				<string>YES</string>
				<key>GCC_WARN_UNINITIALIZED_AUTOS</key>
				<string>YES</string>
				<key>GCC_WARN_UNUSED_FUNCTION</key>
				<string>YES</string>
				<key>GCC_WARN_UNUSED_VARIABLE</key>
				<string>YES</string>
				<key>IPHONEOS_DEPLOYMENT_TARGET</key>
				<string>7.0</string>
				<key>SDKROOT</key>
				<string>iphoneos</string>
				<key>TARGETED_DEVICE_FAMILY</key>
				<string>2</string>
				<key>VALIDATE_PRODUCT</key>
				<string>YES</string>
			</dict>
			<key>isa</key>
			<string>XCBuildConfiguration</string>
			<key>name</key>
			<string>Release</string>
		</dict>
		<key>81EFBA5117F1B2F100F6FCD4</key>
		<dict>
			<key>buildConfigurations</key>
			<array>
				<string>81EFBA5217F1B2F100F6FCD4</string>
				<string>81EFBA5317F1B2F100F6FCD4</string>
			</array>
			<key>defaultConfigurationIsVisible</key>
			<string>0</string>
			<key>defaultConfigurationName</key>
			<string>Release</string>
			<key>isa</key>
			<string>XCConfigurationList</string>
		</dict>
		<key>81EFBA5217F1B2F100F6FCD4</key>
		<dict>
			<key>baseConfigurationReference</key>
			<string>8120A494180D23AD00FB8921</string>
			<key>buildSettings</key>
			<dict>
				<key>ASSETCATALOG_COMPILER_APPICON_NAME</key>
				<string>AppIcon</string>
				<key>ASSETCATALOG_COMPILER_LAUNCHIMAGE_NAME</key>
				<string>LaunchImage</string>
				<key>GCC_PRECOMPILE_PREFIX_HEADER</key>
				<string>YES</string>
				<key>GCC_PREFIX_HEADER</key>
				<string>TCGoogleStreetView/SupportingFiles/TCGoogleStreetView-Prefix.pch</string>
				<key>INFOPLIST_FILE</key>
				<string>TCGoogleStreetView/SupportingFiles/TCGoogleStreetView-Info.plist</string>
				<key>PRODUCT_NAME</key>
				<string>$(TARGET_NAME)</string>
				<key>WRAPPER_EXTENSION</key>
				<string>app</string>
			</dict>
			<key>isa</key>
			<string>XCBuildConfiguration</string>
			<key>name</key>
			<string>Debug</string>
		</dict>
		<key>81EFBA5317F1B2F100F6FCD4</key>
		<dict>
			<key>baseConfigurationReference</key>
			<string>8120A494180D23AD00FB8921</string>
			<key>buildSettings</key>
			<dict>
				<key>ASSETCATALOG_COMPILER_APPICON_NAME</key>
				<string>AppIcon</string>
				<key>ASSETCATALOG_COMPILER_LAUNCHIMAGE_NAME</key>
				<string>LaunchImage</string>
				<key>GCC_PRECOMPILE_PREFIX_HEADER</key>
				<string>YES</string>
				<key>GCC_PREFIX_HEADER</key>
				<string>TCGoogleStreetView/SupportingFiles/TCGoogleStreetView-Prefix.pch</string>
				<key>INFOPLIST_FILE</key>
				<string>TCGoogleStreetView/SupportingFiles/TCGoogleStreetView-Info.plist</string>
				<key>PRODUCT_NAME</key>
				<string>$(TARGET_NAME)</string>
				<key>WRAPPER_EXTENSION</key>
				<string>app</string>
			</dict>
			<key>isa</key>
			<string>XCBuildConfiguration</string>
			<key>name</key>
			<string>Release</string>
		</dict>
		<key>81EFBA5417F1B2F100F6FCD4</key>
		<dict>
			<key>buildConfigurations</key>
			<array>
				<string>81EFBA5517F1B2F100F6FCD4</string>
				<string>81EFBA5617F1B2F100F6FCD4</string>
			</array>
			<key>defaultConfigurationIsVisible</key>
			<string>0</string>
			<key>defaultConfigurationName</key>
			<string>Release</string>
			<key>isa</key>
			<string>XCConfigurationList</string>
		</dict>
		<key>81EFBA5517F1B2F100F6FCD4</key>
		<dict>
			<key>baseConfigurationReference</key>
			<string>94B1A155DFE34579A82C836A</string>
			<key>buildSettings</key>
			<dict>
				<key>ARCHS</key>
				<string>$(ARCHS_STANDARD_INCLUDING_64_BIT)</string>
				<key>BUNDLE_LOADER</key>
				<string>$(BUILT_PRODUCTS_DIR)/TCGoogleStreetView.app/TCGoogleStreetView</string>
				<key>FRAMEWORK_SEARCH_PATHS</key>
				<array>
					<string>$(SDKROOT)/Developer/Library/Frameworks</string>
					<string>$(inherited)</string>
					<string>$(DEVELOPER_FRAMEWORKS_DIR)</string>
				</array>
				<key>GCC_PRECOMPILE_PREFIX_HEADER</key>
				<string>YES</string>
				<key>GCC_PREFIX_HEADER</key>
				<string>TCGoogleStreetView/SupportingFiles/TCGoogleStreetView-Prefix.pch</string>
				<key>GCC_PREPROCESSOR_DEFINITIONS</key>
				<array>
					<string>DEBUG=1</string>
					<string>$(inherited)</string>
				</array>
				<key>INFOPLIST_FILE</key>
				<string>TCGoogleStreetViewTests/SupportingFiles/TCGoogleStreetViewTests-Info.plist</string>
				<key>PRODUCT_NAME</key>
				<string>$(TARGET_NAME)</string>
				<key>TEST_HOST</key>
				<string>$(BUNDLE_LOADER)</string>
				<key>WRAPPER_EXTENSION</key>
				<string>xctest</string>
			</dict>
			<key>isa</key>
			<string>XCBuildConfiguration</string>
			<key>name</key>
			<string>Debug</string>
		</dict>
		<key>81EFBA5617F1B2F100F6FCD4</key>
		<dict>
			<key>baseConfigurationReference</key>
			<string>94B1A155DFE34579A82C836A</string>
			<key>buildSettings</key>
			<dict>
				<key>ARCHS</key>
				<string>$(ARCHS_STANDARD_INCLUDING_64_BIT)</string>
				<key>BUNDLE_LOADER</key>
				<string>$(BUILT_PRODUCTS_DIR)/TCGoogleStreetView.app/TCGoogleStreetView</string>
				<key>FRAMEWORK_SEARCH_PATHS</key>
				<array>
					<string>$(SDKROOT)/Developer/Library/Frameworks</string>
					<string>$(inherited)</string>
					<string>$(DEVELOPER_FRAMEWORKS_DIR)</string>
				</array>
				<key>GCC_PRECOMPILE_PREFIX_HEADER</key>
				<string>YES</string>
				<key>GCC_PREFIX_HEADER</key>
				<string>TCGoogleStreetView/SupportingFiles/TCGoogleStreetView-Prefix.pch</string>
				<key>INFOPLIST_FILE</key>
				<string>TCGoogleStreetViewTests/SupportingFiles/TCGoogleStreetViewTests-Info.plist</string>
				<key>PRODUCT_NAME</key>
				<string>$(TARGET_NAME)</string>
				<key>TEST_HOST</key>
				<string>$(BUNDLE_LOADER)</string>
				<key>WRAPPER_EXTENSION</key>
				<string>xctest</string>
			</dict>
			<key>isa</key>
			<string>XCBuildConfiguration</string>
			<key>name</key>
			<string>Release</string>
		</dict>
		<key>81F1329318052C6A00F2B806</key>
		<dict>
			<key>fileEncoding</key>
			<string>4</string>
			<key>isa</key>
			<string>PBXFileReference</string>
			<key>lastKnownFileType</key>
			<string>sourcecode.c.h</string>
			<key>path</key>
			<string>TCFloorPickerView.h</string>
			<key>sourceTree</key>
			<string>&lt;group&gt;</string>
		</dict>
		<key>81F1329418052C6A00F2B806</key>
		<dict>
			<key>fileEncoding</key>
			<string>4</string>
			<key>isa</key>
			<string>PBXFileReference</string>
			<key>lastKnownFileType</key>
			<string>sourcecode.c.objc</string>
			<key>path</key>
			<string>TCFloorPickerView.m</string>
			<key>sourceTree</key>
			<string>&lt;group&gt;</string>
		</dict>
		<key>81F1329518052C6A00F2B806</key>
		<dict>
			<key>fileRef</key>
			<string>81F1329418052C6A00F2B806</string>
			<key>isa</key>
			<string>PBXBuildFile</string>
		</dict>
		<key>81F1329618052CFA00F2B806</key>
		<dict>
			<key>fileEncoding</key>
			<string>4</string>
			<key>isa</key>
			<string>PBXFileReference</string>
			<key>lastKnownFileType</key>
			<string>sourcecode.c.h</string>
			<key>path</key>
			<string>UIButton+TCMuseumFloor.h</string>
			<key>sourceTree</key>
			<string>&lt;group&gt;</string>
		</dict>
		<key>81F1329718052CFA00F2B806</key>
		<dict>
			<key>fileEncoding</key>
			<string>4</string>
			<key>isa</key>
			<string>PBXFileReference</string>
			<key>lastKnownFileType</key>
			<string>sourcecode.c.objc</string>
			<key>path</key>
			<string>UIButton+TCMuseumFloor.m</string>
			<key>sourceTree</key>
			<string>&lt;group&gt;</string>
		</dict>
		<key>81F1329818052CFA00F2B806</key>
		<dict>
			<key>fileRef</key>
			<string>81F1329718052CFA00F2B806</string>
			<key>isa</key>
			<string>PBXBuildFile</string>
		</dict>
		<key>94B1A155DFE34579A82C836A</key>
		<dict>
			<key>includeInIndex</key>
			<string>1</string>
			<key>isa</key>
			<string>PBXFileReference</string>
			<key>lastKnownFileType</key>
			<string>text.xcconfig</string>
			<key>name</key>
			<string>Pods-test.xcconfig</string>
			<key>path</key>
			<string>Pods/Pods-test.xcconfig</string>
			<key>sourceTree</key>
			<string>&lt;group&gt;</string>
		</dict>
		<key>C2D35A85DA374B2DB032F6D6</key>
		<dict>
			<key>explicitFileType</key>
			<string>archive.ar</string>
			<key>includeInIndex</key>
			<string>0</string>
			<key>isa</key>
			<string>PBXFileReference</string>
			<key>path</key>
			<string>libPods-TCGoogleStreetView-TCGoogleStreetViewTests.a</string>
			<key>sourceTree</key>
			<string>BUILT_PRODUCTS_DIR</string>
		</dict>
		<key>DF97F00FB34943B6A76D441F</key>
		<dict>
			<key>explicitFileType</key>
			<string>archive.ar</string>
			<key>includeInIndex</key>
			<string>0</string>
			<key>isa</key>
			<string>PBXFileReference</string>
			<key>path</key>
			<string>libPods-TCGoogleStreetView.a</string>
			<key>sourceTree</key>
			<string>BUILT_PRODUCTS_DIR</string>
		</dict>
		<key>F943F713EBC944EE8EF5DD9F</key>
		<dict>
			<key>buildActionMask</key>
			<string>2147483647</string>
			<key>files</key>
			<array/>
			<key>inputPaths</key>
			<array/>
			<key>isa</key>
			<string>PBXShellScriptBuildPhase</string>
			<key>name</key>
			<string>Check Pods Manifest.lock</string>
			<key>outputPaths</key>
			<array/>
			<key>runOnlyForDeploymentPostprocessing</key>
			<string>0</string>
			<key>shellPath</key>
			<string>/bin/sh</string>
			<key>shellScript</key>
			<string>diff "${PODS_ROOT}/../Podfile.lock" "${PODS_ROOT}/Manifest.lock" &gt; /dev/null
if [[ $? != 0 ]] ; then
    cat &lt;&lt; EOM
error: The sandbox is not in sync with the Podfile.lock. Run 'pod install' or update your CocoaPods installation.
EOM
    exit 1
fi
</string>
			<key>showEnvVarsInLog</key>
			<string>0</string>
		</dict>
	</dict>
	<key>rootObject</key>
	<string>81EFBA1717F1B2F100F6FCD4</string>
</dict>
</plist>
