// !$*UTF8*$!
{
	archiveVersion = 1;
	classes = {
	};
	objectVersion = 46;
	objects = {

/* Begin PBXBuildFile section */
		744E94EBC1AC48DD85773AFF /* libPods.a in Frameworks */ = {isa = PBXBuildFile; fileRef = 27A5E0350E1B4D76AD19A28A /* libPods.a */; };
		8104F7C817F553EE00FA96BB /* GoogleArtProject.json in Resources */ = {isa = PBXBuildFile; fileRef = 8104F7C717F553EE00FA96BB /* GoogleArtProject.json */; };
		812A33F417FEC06300DC5F3F /* GMSPanoramaLayer+Debug.m in Sources */ = {isa = PBXBuildFile; fileRef = 812A33F317FEC06300DC5F3F /* GMSPanoramaLayer+Debug.m */; };
		81316BE517FA73E300A2CA17 /* InfoPlist.strings in Resources */ = {isa = PBXBuildFile; fileRef = 81316BE217FA73E300A2CA17 /* InfoPlist.strings */; };
		81316BE917FA922300A2CA17 /* TCMuseumDataControllerTests.m in Sources */ = {isa = PBXBuildFile; fileRef = 81316BE817FA922300A2CA17 /* TCMuseumDataControllerTests.m */; };
		81316BEC17FAA22200A2CA17 /* MuseumTestData.json in Resources */ = {isa = PBXBuildFile; fileRef = 81316BEB17FAA22200A2CA17 /* MuseumTestData.json */; };
		81316BEE17FAB13C00A2CA17 /* Temp in Resources */ = {isa = PBXBuildFile; fileRef = 81316BED17FAB13C00A2CA17 /* Temp */; };
		81316BF117FABED700A2CA17 /* TCStaticMap.m in Sources */ = {isa = PBXBuildFile; fileRef = 81316BF017FABED700A2CA17 /* TCStaticMap.m */; };
		81316BF317FAECBB00A2CA17 /* TCStaticMapTests.m in Sources */ = {isa = PBXBuildFile; fileRef = 81316BF217FAECBB00A2CA17 /* TCStaticMapTests.m */; };
		814B527A17F2B9F6000606F1 /* TCStreetViewController.m in Sources */ = {isa = PBXBuildFile; fileRef = 814B527117F2B9F6000606F1 /* TCStreetViewController.m */; };
		814B527B17F2B9F6000606F1 /* Images.xcassets in Resources */ = {isa = PBXBuildFile; fileRef = 814B527517F2B9F6000606F1 /* Images.xcassets */; };
		814B528317F2BA24000606F1 /* InfoPlist.strings in Resources */ = {isa = PBXBuildFile; fileRef = 814B527E17F2BA24000606F1 /* InfoPlist.strings */; };
		814B528417F2BA24000606F1 /* main.m in Sources */ = {isa = PBXBuildFile; fileRef = 814B528017F2BA24000606F1 /* main.m */; };
		814B528617F2C104000606F1 /* Main.storyboard in Resources */ = {isa = PBXBuildFile; fileRef = 814B527817F2B9F6000606F1 /* Main.storyboard */; };
		814B528A17F2C951000606F1 /* UIAlertView+NSErrorAdditions.m in Sources */ = {isa = PBXBuildFile; fileRef = 814B528917F2C951000606F1 /* UIAlertView+NSErrorAdditions.m */; };
		814B528D17F3D65B000606F1 /* GMSPanorama+Debug.m in Sources */ = {isa = PBXBuildFile; fileRef = 814B528C17F3D65B000606F1 /* GMSPanorama+Debug.m */; };
		814B529017F3E863000606F1 /* GMSPanoramaCamera+Debug.m in Sources */ = {isa = PBXBuildFile; fileRef = 814B528F17F3E863000606F1 /* GMSPanoramaCamera+Debug.m */; };
		81E6C51417F8211C00A93925 /* TCMuseum.m in Sources */ = {isa = PBXBuildFile; fileRef = 81E6C51317F8211C00A93925 /* TCMuseum.m */; };
		81E6C51717F830C500A93925 /* TCMuseumDataController.m in Sources */ = {isa = PBXBuildFile; fileRef = 81E6C51617F830C500A93925 /* TCMuseumDataController.m */; };
		81E6C51917F95DCA00A93925 /* TCMuseumTests.m in Sources */ = {isa = PBXBuildFile; fileRef = 81E6C51817F95DCA00A93925 /* TCMuseumTests.m */; };
		81EFBA2317F1B2F100F6FCD4 /* Foundation.framework in Frameworks */ = {isa = PBXBuildFile; fileRef = 81EFBA2217F1B2F100F6FCD4 /* Foundation.framework */; };
		81EFBA2517F1B2F100F6FCD4 /* CoreGraphics.framework in Frameworks */ = {isa = PBXBuildFile; fileRef = 81EFBA2417F1B2F100F6FCD4 /* CoreGraphics.framework */; };
		81EFBA2717F1B2F100F6FCD4 /* UIKit.framework in Frameworks */ = {isa = PBXBuildFile; fileRef = 81EFBA2617F1B2F100F6FCD4 /* UIKit.framework */; };
		81EFBA3317F1B2F100F6FCD4 /* TCAppDelegate.m in Sources */ = {isa = PBXBuildFile; fileRef = 81EFBA3217F1B2F100F6FCD4 /* TCAppDelegate.m */; };
		81EFBA4217F1B2F100F6FCD4 /* XCTest.framework in Frameworks */ = {isa = PBXBuildFile; fileRef = 81EFBA4117F1B2F100F6FCD4 /* XCTest.framework */; };
		81EFBA4317F1B2F100F6FCD4 /* Foundation.framework in Frameworks */ = {isa = PBXBuildFile; fileRef = 81EFBA2217F1B2F100F6FCD4 /* Foundation.framework */; };
		81EFBA4417F1B2F100F6FCD4 /* UIKit.framework in Frameworks */ = {isa = PBXBuildFile; fileRef = 81EFBA2617F1B2F100F6FCD4 /* UIKit.framework */; };
		A2840343F485485B921D6A03 /* libPods.a in Frameworks */ = {isa = PBXBuildFile; fileRef = 27A5E0350E1B4D76AD19A28A /* libPods.a */; };
/* End PBXBuildFile section */

/* Begin PBXContainerItemProxy section */
		81EFBA4517F1B2F100F6FCD4 /* PBXContainerItemProxy */ = {
			isa = PBXContainerItemProxy;
			containerPortal = 81EFBA1717F1B2F100F6FCD4 /* Project object */;
			proxyType = 1;
			remoteGlobalIDString = 81EFBA1E17F1B2F100F6FCD4;
			remoteInfo = TCGoogleStreetView;
		};
/* End PBXContainerItemProxy section */

/* Begin PBXFileReference section */
		00F96339919746DFA4BCB6CF /* Pods.xcconfig */ = {isa = PBXFileReference; includeInIndex = 1; lastKnownFileType = text.xcconfig; name = Pods.xcconfig; path = Pods/Pods.xcconfig; sourceTree = "<group>"; };
		27A5E0350E1B4D76AD19A28A /* libPods.a */ = {isa = PBXFileReference; explicitFileType = archive.ar; includeInIndex = 0; path = libPods.a; sourceTree = BUILT_PRODUCTS_DIR; };
		8104F7C717F553EE00FA96BB /* GoogleArtProject.json */ = {isa = PBXFileReference; fileEncoding = 4; lastKnownFileType = text.json; path = GoogleArtProject.json; sourceTree = "<group>"; };
		812A33ED17FE69E200DC5F3F /* GMSPanoramaCameraHeading.h */ = {isa = PBXFileReference; lastKnownFileType = sourcecode.c.h; path = GMSPanoramaCameraHeading.h; sourceTree = "<group>"; };
		812A33F217FEC06300DC5F3F /* GMSPanoramaLayer+Debug.h */ = {isa = PBXFileReference; fileEncoding = 4; lastKnownFileType = sourcecode.c.h; path = "GMSPanoramaLayer+Debug.h"; sourceTree = "<group>"; };
		812A33F317FEC06300DC5F3F /* GMSPanoramaLayer+Debug.m */ = {isa = PBXFileReference; fileEncoding = 4; lastKnownFileType = sourcecode.c.objc; path = "GMSPanoramaLayer+Debug.m"; sourceTree = "<group>"; };
		81316BE317FA73E300A2CA17 /* en */ = {isa = PBXFileReference; lastKnownFileType = text.plist.strings; name = en; path = en.lproj/InfoPlist.strings; sourceTree = "<group>"; };
		81316BE417FA73E300A2CA17 /* TCGoogleStreetViewTests-Info.plist */ = {isa = PBXFileReference; fileEncoding = 4; lastKnownFileType = text.plist.xml; path = "TCGoogleStreetViewTests-Info.plist"; sourceTree = "<group>"; };
		81316BE817FA922300A2CA17 /* TCMuseumDataControllerTests.m */ = {isa = PBXFileReference; fileEncoding = 4; lastKnownFileType = sourcecode.c.objc; path = TCMuseumDataControllerTests.m; sourceTree = "<group>"; };
		81316BEB17FAA22200A2CA17 /* MuseumTestData.json */ = {isa = PBXFileReference; fileEncoding = 4; lastKnownFileType = text.json; path = MuseumTestData.json; sourceTree = "<group>"; };
		81316BED17FAB13C00A2CA17 /* Temp */ = {isa = PBXFileReference; fileEncoding = 4; lastKnownFileType = text; path = Temp; sourceTree = "<group>"; };
		81316BEF17FABED700A2CA17 /* TCStaticMap.h */ = {isa = PBXFileReference; fileEncoding = 4; lastKnownFileType = sourcecode.c.h; path = TCStaticMap.h; sourceTree = "<group>"; };
		81316BF017FABED700A2CA17 /* TCStaticMap.m */ = {isa = PBXFileReference; fileEncoding = 4; lastKnownFileType = sourcecode.c.objc; path = TCStaticMap.m; sourceTree = "<group>"; };
		81316BF217FAECBB00A2CA17 /* TCStaticMapTests.m */ = {isa = PBXFileReference; fileEncoding = 4; lastKnownFileType = sourcecode.c.objc; path = TCStaticMapTests.m; sourceTree = "<group>"; };
		814B527017F2B9F6000606F1 /* TCStreetViewController.h */ = {isa = PBXFileReference; fileEncoding = 4; lastKnownFileType = sourcecode.c.h; path = TCStreetViewController.h; sourceTree = "<group>"; };
		814B527117F2B9F6000606F1 /* TCStreetViewController.m */ = {isa = PBXFileReference; fileEncoding = 4; lastKnownFileType = sourcecode.c.objc; path = TCStreetViewController.m; sourceTree = "<group>"; };
		814B527517F2B9F6000606F1 /* Images.xcassets */ = {isa = PBXFileReference; lastKnownFileType = folder.assetcatalog; path = Images.xcassets; sourceTree = "<group>"; };
		814B527917F2B9F6000606F1 /* Base */ = {isa = PBXFileReference; lastKnownFileType = file.storyboard; name = Base; path = Base.lproj/Main.storyboard; sourceTree = "<group>"; };
		814B527F17F2BA24000606F1 /* en */ = {isa = PBXFileReference; lastKnownFileType = text.plist.strings; name = en; path = en.lproj/InfoPlist.strings; sourceTree = "<group>"; };
		814B528017F2BA24000606F1 /* main.m */ = {isa = PBXFileReference; fileEncoding = 4; lastKnownFileType = sourcecode.c.objc; path = main.m; sourceTree = "<group>"; };
		814B528117F2BA24000606F1 /* TCGoogleStreetView-Info.plist */ = {isa = PBXFileReference; fileEncoding = 4; lastKnownFileType = text.plist.xml; path = "TCGoogleStreetView-Info.plist"; sourceTree = "<group>"; };
		814B528217F2BA24000606F1 /* TCGoogleStreetView-Prefix.pch */ = {isa = PBXFileReference; fileEncoding = 4; lastKnownFileType = sourcecode.c.h; path = "TCGoogleStreetView-Prefix.pch"; sourceTree = "<group>"; };
		814B528817F2C951000606F1 /* UIAlertView+NSErrorAdditions.h */ = {isa = PBXFileReference; fileEncoding = 4; lastKnownFileType = sourcecode.c.h; path = "UIAlertView+NSErrorAdditions.h"; sourceTree = "<group>"; };
		814B528917F2C951000606F1 /* UIAlertView+NSErrorAdditions.m */ = {isa = PBXFileReference; fileEncoding = 4; lastKnownFileType = sourcecode.c.objc; path = "UIAlertView+NSErrorAdditions.m"; sourceTree = "<group>"; };
		814B528B17F3D65B000606F1 /* GMSPanorama+Debug.h */ = {isa = PBXFileReference; fileEncoding = 4; lastKnownFileType = sourcecode.c.h; path = "GMSPanorama+Debug.h"; sourceTree = "<group>"; };
		814B528C17F3D65B000606F1 /* GMSPanorama+Debug.m */ = {isa = PBXFileReference; fileEncoding = 4; lastKnownFileType = sourcecode.c.objc; path = "GMSPanorama+Debug.m"; sourceTree = "<group>"; };
		814B528E17F3E863000606F1 /* GMSPanoramaCamera+Debug.h */ = {isa = PBXFileReference; fileEncoding = 4; lastKnownFileType = sourcecode.c.h; path = "GMSPanoramaCamera+Debug.h"; sourceTree = "<group>"; };
		814B528F17F3E863000606F1 /* GMSPanoramaCamera+Debug.m */ = {isa = PBXFileReference; fileEncoding = 4; lastKnownFileType = sourcecode.c.objc; path = "GMSPanoramaCamera+Debug.m"; sourceTree = "<group>"; };
		81E6C51217F8211C00A93925 /* TCMuseum.h */ = {isa = PBXFileReference; fileEncoding = 4; lastKnownFileType = sourcecode.c.h; path = TCMuseum.h; sourceTree = "<group>"; };
		81E6C51317F8211C00A93925 /* TCMuseum.m */ = {isa = PBXFileReference; fileEncoding = 4; lastKnownFileType = sourcecode.c.objc; path = TCMuseum.m; sourceTree = "<group>"; };
		81E6C51517F830C500A93925 /* TCMuseumDataController.h */ = {isa = PBXFileReference; fileEncoding = 4; lastKnownFileType = sourcecode.c.h; path = TCMuseumDataController.h; sourceTree = "<group>"; };
		81E6C51617F830C500A93925 /* TCMuseumDataController.m */ = {isa = PBXFileReference; fileEncoding = 4; lastKnownFileType = sourcecode.c.objc; path = TCMuseumDataController.m; sourceTree = "<group>"; };
		81E6C51817F95DCA00A93925 /* TCMuseumTests.m */ = {isa = PBXFileReference; fileEncoding = 4; lastKnownFileType = sourcecode.c.objc; path = TCMuseumTests.m; sourceTree = "<group>"; };
		81EFBA1F17F1B2F100F6FCD4 /* TCGoogleStreetView.app */ = {isa = PBXFileReference; explicitFileType = wrapper.application; includeInIndex = 0; path = TCGoogleStreetView.app; sourceTree = BUILT_PRODUCTS_DIR; };
		81EFBA2217F1B2F100F6FCD4 /* Foundation.framework */ = {isa = PBXFileReference; lastKnownFileType = wrapper.framework; name = Foundation.framework; path = System/Library/Frameworks/Foundation.framework; sourceTree = SDKROOT; };
		81EFBA2417F1B2F100F6FCD4 /* CoreGraphics.framework */ = {isa = PBXFileReference; lastKnownFileType = wrapper.framework; name = CoreGraphics.framework; path = System/Library/Frameworks/CoreGraphics.framework; sourceTree = SDKROOT; };
		81EFBA2617F1B2F100F6FCD4 /* UIKit.framework */ = {isa = PBXFileReference; lastKnownFileType = wrapper.framework; name = UIKit.framework; path = System/Library/Frameworks/UIKit.framework; sourceTree = SDKROOT; };
		81EFBA3117F1B2F100F6FCD4 /* TCAppDelegate.h */ = {isa = PBXFileReference; lastKnownFileType = sourcecode.c.h; path = TCAppDelegate.h; sourceTree = "<group>"; };
		81EFBA3217F1B2F100F6FCD4 /* TCAppDelegate.m */ = {isa = PBXFileReference; lastKnownFileType = sourcecode.c.objc; path = TCAppDelegate.m; sourceTree = "<group>"; };
		81EFBA4017F1B2F100F6FCD4 /* TCGoogleStreetViewTests.xctest */ = {isa = PBXFileReference; explicitFileType = wrapper.cfbundle; includeInIndex = 0; path = TCGoogleStreetViewTests.xctest; sourceTree = BUILT_PRODUCTS_DIR; };
		81EFBA4117F1B2F100F6FCD4 /* XCTest.framework */ = {isa = PBXFileReference; lastKnownFileType = wrapper.framework; name = XCTest.framework; path = Library/Frameworks/XCTest.framework; sourceTree = DEVELOPER_DIR; };
/* End PBXFileReference section */

/* Begin PBXFrameworksBuildPhase section */
		81EFBA1C17F1B2F100F6FCD4 /* Frameworks */ = {
			isa = PBXFrameworksBuildPhase;
			buildActionMask = 2147483647;
			files = (
				81EFBA2517F1B2F100F6FCD4 /* CoreGraphics.framework in Frameworks */,
				81EFBA2717F1B2F100F6FCD4 /* UIKit.framework in Frameworks */,
				81EFBA2317F1B2F100F6FCD4 /* Foundation.framework in Frameworks */,
				A2840343F485485B921D6A03 /* libPods.a in Frameworks */,
			);
			runOnlyForDeploymentPostprocessing = 0;
		};
		81EFBA3D17F1B2F100F6FCD4 /* Frameworks */ = {
			isa = PBXFrameworksBuildPhase;
			buildActionMask = 2147483647;
			files = (
				81EFBA4217F1B2F100F6FCD4 /* XCTest.framework in Frameworks */,
				81EFBA4417F1B2F100F6FCD4 /* UIKit.framework in Frameworks */,
				81EFBA4317F1B2F100F6FCD4 /* Foundation.framework in Frameworks */,
				744E94EBC1AC48DD85773AFF /* libPods.a in Frameworks */,
			);
			runOnlyForDeploymentPostprocessing = 0;
		};
/* End PBXFrameworksBuildPhase section */

/* Begin PBXGroup section */
		81316BE117FA73E300A2CA17 /* SupportingFiles */ = {
			isa = PBXGroup;
			children = (
				81316BE217FA73E300A2CA17 /* InfoPlist.strings */,
				81316BE417FA73E300A2CA17 /* TCGoogleStreetViewTests-Info.plist */,
			);
			path = SupportingFiles;
			sourceTree = "<group>";
		};
		81316BEA17FAA20A00A2CA17 /* Data */ = {
			isa = PBXGroup;
			children = (
				81316BEB17FAA22200A2CA17 /* MuseumTestData.json */,
			);
			path = Data;
			sourceTree = "<group>";
		};
		814B526F17F2B9F6000606F1 /* Controllers */ = {
			isa = PBXGroup;
			children = (
				814B527017F2B9F6000606F1 /* TCStreetViewController.h */,
				814B527117F2B9F6000606F1 /* TCStreetViewController.m */,
			);
			path = Controllers;
			sourceTree = "<group>";
		};
		814B527217F2B9F6000606F1 /* Models */ = {
			isa = PBXGroup;
			children = (
				81E6C51217F8211C00A93925 /* TCMuseum.h */,
				81E6C51317F8211C00A93925 /* TCMuseum.m */,
				81E6C51517F830C500A93925 /* TCMuseumDataController.h */,
				81E6C51617F830C500A93925 /* TCMuseumDataController.m */,
				81316BEF17FABED700A2CA17 /* TCStaticMap.h */,
				81316BF017FABED700A2CA17 /* TCStaticMap.m */,
			);
			path = Models;
			sourceTree = "<group>";
		};
		814B527317F2B9F6000606F1 /* Resources */ = {
			isa = PBXGroup;
			children = (
				814B527417F2B9F6000606F1 /* Assets */,
				814B527617F2B9F6000606F1 /* Data */,
			);
			path = Resources;
			sourceTree = "<group>";
		};
		814B527417F2B9F6000606F1 /* Assets */ = {
			isa = PBXGroup;
			children = (
				814B527517F2B9F6000606F1 /* Images.xcassets */,
			);
			path = Assets;
			sourceTree = "<group>";
		};
		814B527617F2B9F6000606F1 /* Data */ = {
			isa = PBXGroup;
			children = (
				8104F7C717F553EE00FA96BB /* GoogleArtProject.json */,
				81316BED17FAB13C00A2CA17 /* Temp */,
			);
			path = Data;
			sourceTree = "<group>";
		};
		814B527717F2B9F6000606F1 /* Views */ = {
			isa = PBXGroup;
			children = (
				814B527817F2B9F6000606F1 /* Main.storyboard */,
			);
			path = Views;
			sourceTree = "<group>";
		};
		814B527D17F2BA24000606F1 /* SupportingFiles */ = {
			isa = PBXGroup;
			children = (
				814B527E17F2BA24000606F1 /* InfoPlist.strings */,
				814B528017F2BA24000606F1 /* main.m */,
				814B528117F2BA24000606F1 /* TCGoogleStreetView-Info.plist */,
				814B528217F2BA24000606F1 /* TCGoogleStreetView-Prefix.pch */,
			);
			path = SupportingFiles;
			sourceTree = "<group>";
		};
		814B528717F2C902000606F1 /* Lib */ = {
			isa = PBXGroup;
			children = (
				814B528817F2C951000606F1 /* UIAlertView+NSErrorAdditions.h */,
				814B528917F2C951000606F1 /* UIAlertView+NSErrorAdditions.m */,
				814B528B17F3D65B000606F1 /* GMSPanorama+Debug.h */,
				814B528C17F3D65B000606F1 /* GMSPanorama+Debug.m */,
				814B528E17F3E863000606F1 /* GMSPanoramaCamera+Debug.h */,
				814B528F17F3E863000606F1 /* GMSPanoramaCamera+Debug.m */,
				812A33F217FEC06300DC5F3F /* GMSPanoramaLayer+Debug.h */,
				812A33F317FEC06300DC5F3F /* GMSPanoramaLayer+Debug.m */,
				812A33ED17FE69E200DC5F3F /* GMSPanoramaCameraHeading.h */,
			);
			path = Lib;
			sourceTree = "<group>";
		};
		81EFBA1617F1B2F100F6FCD4 = {
			isa = PBXGroup;
			children = (
				81EFBA2817F1B2F100F6FCD4 /* TCGoogleStreetView */,
				81EFBA4717F1B2F100F6FCD4 /* TCGoogleStreetViewTests */,
				81EFBA2117F1B2F100F6FCD4 /* Frameworks */,
				81EFBA2017F1B2F100F6FCD4 /* Products */,
				00F96339919746DFA4BCB6CF /* Pods.xcconfig */,
			);
			sourceTree = "<group>";
		};
		81EFBA2017F1B2F100F6FCD4 /* Products */ = {
			isa = PBXGroup;
			children = (
				81EFBA1F17F1B2F100F6FCD4 /* TCGoogleStreetView.app */,
				81EFBA4017F1B2F100F6FCD4 /* TCGoogleStreetViewTests.xctest */,
			);
			name = Products;
			sourceTree = "<group>";
		};
		81EFBA2117F1B2F100F6FCD4 /* Frameworks */ = {
			isa = PBXGroup;
			children = (
				81EFBA2217F1B2F100F6FCD4 /* Foundation.framework */,
				81EFBA2417F1B2F100F6FCD4 /* CoreGraphics.framework */,
				81EFBA2617F1B2F100F6FCD4 /* UIKit.framework */,
				81EFBA4117F1B2F100F6FCD4 /* XCTest.framework */,
				27A5E0350E1B4D76AD19A28A /* libPods.a */,
			);
			name = Frameworks;
			sourceTree = "<group>";
		};
		81EFBA2817F1B2F100F6FCD4 /* TCGoogleStreetView */ = {
			isa = PBXGroup;
			children = (
				81EFBA3117F1B2F100F6FCD4 /* TCAppDelegate.h */,
				81EFBA3217F1B2F100F6FCD4 /* TCAppDelegate.m */,
				814B528717F2C902000606F1 /* Lib */,
				814B527217F2B9F6000606F1 /* Models */,
				814B526F17F2B9F6000606F1 /* Controllers */,
				814B527717F2B9F6000606F1 /* Views */,
				814B527317F2B9F6000606F1 /* Resources */,
				814B527D17F2BA24000606F1 /* SupportingFiles */,
			);
			path = TCGoogleStreetView;
			sourceTree = "<group>";
		};
		81EFBA4717F1B2F100F6FCD4 /* TCGoogleStreetViewTests */ = {
			isa = PBXGroup;
			children = (
				81316BF217FAECBB00A2CA17 /* TCStaticMapTests.m */,
				81316BE817FA922300A2CA17 /* TCMuseumDataControllerTests.m */,
				81E6C51817F95DCA00A93925 /* TCMuseumTests.m */,
				81316BEA17FAA20A00A2CA17 /* Data */,
				81316BE117FA73E300A2CA17 /* SupportingFiles */,
			);
			path = TCGoogleStreetViewTests;
			sourceTree = "<group>";
		};
/* End PBXGroup section */

/* Begin PBXNativeTarget section */
		81EFBA1E17F1B2F100F6FCD4 /* TCGoogleStreetView */ = {
			isa = PBXNativeTarget;
			buildConfigurationList = 81EFBA5117F1B2F100F6FCD4 /* Build configuration list for PBXNativeTarget "TCGoogleStreetView" */;
			buildPhases = (
				8557B0B79D9C491689AB964B /* Check Pods Manifest.lock */,
				81EFBA1B17F1B2F100F6FCD4 /* Sources */,
				81EFBA1C17F1B2F100F6FCD4 /* Frameworks */,
				81EFBA1D17F1B2F100F6FCD4 /* Resources */,
				EBEE1BA1B61D4BE98A64FF2E /* Copy Pods Resources */,
			);
			buildRules = (
			);
			dependencies = (
			);
			name = TCGoogleStreetView;
			productName = TCGoogleStreetView;
			productReference = 81EFBA1F17F1B2F100F6FCD4 /* TCGoogleStreetView.app */;
			productType = "com.apple.product-type.application";
		};
		81EFBA3F17F1B2F100F6FCD4 /* TCGoogleStreetViewTests */ = {
			isa = PBXNativeTarget;
			buildConfigurationList = 81EFBA5417F1B2F100F6FCD4 /* Build configuration list for PBXNativeTarget "TCGoogleStreetViewTests" */;
			buildPhases = (
				249509E7445B4E94A95AE486 /* Check Pods Manifest.lock */,
				81EFBA3C17F1B2F100F6FCD4 /* Sources */,
				81EFBA3D17F1B2F100F6FCD4 /* Frameworks */,
				81EFBA3E17F1B2F100F6FCD4 /* Resources */,
				1CB3BCBEB4A64DEF8FEB705B /* Copy Pods Resources */,
			);
			buildRules = (
			);
			dependencies = (
				81EFBA4617F1B2F100F6FCD4 /* PBXTargetDependency */,
			);
			name = TCGoogleStreetViewTests;
			productName = TCGoogleStreetViewTests;
			productReference = 81EFBA4017F1B2F100F6FCD4 /* TCGoogleStreetViewTests.xctest */;
			productType = "com.apple.product-type.bundle.unit-test";
		};
/* End PBXNativeTarget section */

/* Begin PBXProject section */
		81EFBA1717F1B2F100F6FCD4 /* Project object */ = {
			isa = PBXProject;
			attributes = {
				CLASSPREFIX = TC;
				LastUpgradeCheck = 0500;
				ORGANIZATIONNAME = "Lee Tze Cheun";
				TargetAttributes = {
					81EFBA3F17F1B2F100F6FCD4 = {
						TestTargetID = 81EFBA1E17F1B2F100F6FCD4;
					};
				};
			};
			buildConfigurationList = 81EFBA1A17F1B2F100F6FCD4 /* Build configuration list for PBXProject "TCGoogleStreetView" */;
			compatibilityVersion = "Xcode 3.2";
			developmentRegion = English;
			hasScannedForEncodings = 0;
			knownRegions = (
				en,
				Base,
			);
			mainGroup = 81EFBA1617F1B2F100F6FCD4;
			productRefGroup = 81EFBA2017F1B2F100F6FCD4 /* Products */;
			projectDirPath = "";
			projectRoot = "";
			targets = (
				81EFBA1E17F1B2F100F6FCD4 /* TCGoogleStreetView */,
				81EFBA3F17F1B2F100F6FCD4 /* TCGoogleStreetViewTests */,
			);
		};
/* End PBXProject section */

/* Begin PBXResourcesBuildPhase section */
		81EFBA1D17F1B2F100F6FCD4 /* Resources */ = {
			isa = PBXResourcesBuildPhase;
			buildActionMask = 2147483647;
			files = (
				8104F7C817F553EE00FA96BB /* GoogleArtProject.json in Resources */,
				814B528617F2C104000606F1 /* Main.storyboard in Resources */,
				81316BEE17FAB13C00A2CA17 /* Temp in Resources */,
				814B528317F2BA24000606F1 /* InfoPlist.strings in Resources */,
				814B527B17F2B9F6000606F1 /* Images.xcassets in Resources */,
			);
			runOnlyForDeploymentPostprocessing = 0;
		};
		81EFBA3E17F1B2F100F6FCD4 /* Resources */ = {
			isa = PBXResourcesBuildPhase;
			buildActionMask = 2147483647;
			files = (
				81316BE517FA73E300A2CA17 /* InfoPlist.strings in Resources */,
				81316BEC17FAA22200A2CA17 /* MuseumTestData.json in Resources */,
			);
			runOnlyForDeploymentPostprocessing = 0;
		};
/* End PBXResourcesBuildPhase section */

/* Begin PBXShellScriptBuildPhase section */
		1CB3BCBEB4A64DEF8FEB705B /* Copy Pods Resources */ = {
			isa = PBXShellScriptBuildPhase;
			buildActionMask = 2147483647;
			files = (
			);
			inputPaths = (
			);
			name = "Copy Pods Resources";
			outputPaths = (
			);
			runOnlyForDeploymentPostprocessing = 0;
			shellPath = /bin/sh;
			shellScript = "\"${SRCROOT}/Pods/Pods-resources.sh\"\n";
			showEnvVarsInLog = 0;
		};
		249509E7445B4E94A95AE486 /* Check Pods Manifest.lock */ = {
			isa = PBXShellScriptBuildPhase;
			buildActionMask = 2147483647;
			files = (
			);
			inputPaths = (
			);
			name = "Check Pods Manifest.lock";
			outputPaths = (
			);
			runOnlyForDeploymentPostprocessing = 0;
			shellPath = /bin/sh;
			shellScript = "diff \"${PODS_ROOT}/../Podfile.lock\" \"${PODS_ROOT}/Manifest.lock\" > /dev/null\nif [[ $? != 0 ]] ; then\n    cat << EOM\nerror: The sandbox is not in sync with the Podfile.lock. Run 'pod install' or update your CocoaPods installation.\nEOM\n    exit 1\nfi\n";
			showEnvVarsInLog = 0;
		};
		8557B0B79D9C491689AB964B /* Check Pods Manifest.lock */ = {
			isa = PBXShellScriptBuildPhase;
			buildActionMask = 2147483647;
			files = (
			);
			inputPaths = (
			);
			name = "Check Pods Manifest.lock";
			outputPaths = (
			);
			runOnlyForDeploymentPostprocessing = 0;
			shellPath = /bin/sh;
			shellScript = "diff \"${PODS_ROOT}/../Podfile.lock\" \"${PODS_ROOT}/Manifest.lock\" > /dev/null\nif [[ $? != 0 ]] ; then\n    cat << EOM\nerror: The sandbox is not in sync with the Podfile.lock. Run 'pod install' or update your CocoaPods installation.\nEOM\n    exit 1\nfi\n";
			showEnvVarsInLog = 0;
		};
		EBEE1BA1B61D4BE98A64FF2E /* Copy Pods Resources */ = {
			isa = PBXShellScriptBuildPhase;
			buildActionMask = 2147483647;
			files = (
			);
			inputPaths = (
			);
			name = "Copy Pods Resources";
			outputPaths = (
			);
			runOnlyForDeploymentPostprocessing = 0;
			shellPath = /bin/sh;
			shellScript = "\"${SRCROOT}/Pods/Pods-resources.sh\"\n";
			showEnvVarsInLog = 0;
		};
/* End PBXShellScriptBuildPhase section */

/* Begin PBXSourcesBuildPhase section */
		81EFBA1B17F1B2F100F6FCD4 /* Sources */ = {
			isa = PBXSourcesBuildPhase;
			buildActionMask = 2147483647;
			files = (
				814B527A17F2B9F6000606F1 /* TCStreetViewController.m in Sources */,
				814B529017F3E863000606F1 /* GMSPanoramaCamera+Debug.m in Sources */,
				814B528417F2BA24000606F1 /* main.m in Sources */,
				81EFBA3317F1B2F100F6FCD4 /* TCAppDelegate.m in Sources */,
				812A33F417FEC06300DC5F3F /* GMSPanoramaLayer+Debug.m in Sources */,
				81E6C51717F830C500A93925 /* TCMuseumDataController.m in Sources */,
				81E6C51417F8211C00A93925 /* TCMuseum.m in Sources */,
				814B528A17F2C951000606F1 /* UIAlertView+NSErrorAdditions.m in Sources */,
				814B528D17F3D65B000606F1 /* GMSPanorama+Debug.m in Sources */,
				81316BF117FABED700A2CA17 /* TCStaticMap.m in Sources */,
			);
			runOnlyForDeploymentPostprocessing = 0;
		};
		81EFBA3C17F1B2F100F6FCD4 /* Sources */ = {
			isa = PBXSourcesBuildPhase;
			buildActionMask = 2147483647;
			files = (
				81316BE917FA922300A2CA17 /* TCMuseumDataControllerTests.m in Sources */,
				81316BF317FAECBB00A2CA17 /* TCStaticMapTests.m in Sources */,
				81E6C51917F95DCA00A93925 /* TCMuseumTests.m in Sources */,
			);
			runOnlyForDeploymentPostprocessing = 0;
		};
/* End PBXSourcesBuildPhase section */

/* Begin PBXTargetDependency section */
		81EFBA4617F1B2F100F6FCD4 /* PBXTargetDependency */ = {
			isa = PBXTargetDependency;
			target = 81EFBA1E17F1B2F100F6FCD4 /* TCGoogleStreetView */;
			targetProxy = 81EFBA4517F1B2F100F6FCD4 /* PBXContainerItemProxy */;
		};
/* End PBXTargetDependency section */

/* Begin PBXVariantGroup section */
		81316BE217FA73E300A2CA17 /* InfoPlist.strings */ = {
			isa = PBXVariantGroup;
			children = (
				81316BE317FA73E300A2CA17 /* en */,
			);
			name = InfoPlist.strings;
			sourceTree = "<group>";
		};
		814B527817F2B9F6000606F1 /* Main.storyboard */ = {
			isa = PBXVariantGroup;
			children = (
				814B527917F2B9F6000606F1 /* Base */,
			);
			name = Main.storyboard;
			sourceTree = "<group>";
		};
		814B527E17F2BA24000606F1 /* InfoPlist.strings */ = {
			isa = PBXVariantGroup;
			children = (
				814B527F17F2BA24000606F1 /* en */,
			);
			name = InfoPlist.strings;
			sourceTree = "<group>";
		};
/* End PBXVariantGroup section */

/* Begin XCBuildConfiguration section */
		81EFBA4F17F1B2F100F6FCD4 /* Debug */ = {
			isa = XCBuildConfiguration;
			buildSettings = {
				ALWAYS_SEARCH_USER_PATHS = NO;
				ARCHS = "$(ARCHS_STANDARD_INCLUDING_64_BIT)";
				CLANG_CXX_LANGUAGE_STANDARD = "gnu++0x";
				CLANG_CXX_LIBRARY = "libc++";
				CLANG_ENABLE_MODULES = YES;
				CLANG_ENABLE_OBJC_ARC = YES;
				CLANG_WARN_BOOL_CONVERSION = YES;
				CLANG_WARN_CONSTANT_CONVERSION = YES;
				CLANG_WARN_DIRECT_OBJC_ISA_USAGE = YES_ERROR;
				CLANG_WARN_EMPTY_BODY = YES;
				CLANG_WARN_ENUM_CONVERSION = YES;
				CLANG_WARN_INT_CONVERSION = YES;
				CLANG_WARN_OBJC_ROOT_CLASS = YES_ERROR;
				CLANG_WARN__DUPLICATE_METHOD_MATCH = YES;
				"CODE_SIGN_IDENTITY[sdk=iphoneos*]" = "iPhone Developer";
				COPY_PHASE_STRIP = NO;
				GCC_C_LANGUAGE_STANDARD = gnu99;
				GCC_DYNAMIC_NO_PIC = NO;
				GCC_OPTIMIZATION_LEVEL = 0;
				GCC_PREPROCESSOR_DEFINITIONS = (
					"DEBUG=1",
					"$(inherited)",
				);
				GCC_SYMBOLS_PRIVATE_EXTERN = NO;
				GCC_TREAT_WARNINGS_AS_ERRORS = YES;
				GCC_WARN_64_TO_32_BIT_CONVERSION = YES;
				GCC_WARN_ABOUT_RETURN_TYPE = YES_ERROR;
				GCC_WARN_UNDECLARED_SELECTOR = YES;
				GCC_WARN_UNINITIALIZED_AUTOS = YES;
				GCC_WARN_UNUSED_FUNCTION = YES;
				GCC_WARN_UNUSED_VARIABLE = YES;
				IPHONEOS_DEPLOYMENT_TARGET = 7.0;
				ONLY_ACTIVE_ARCH = YES;
				SDKROOT = iphoneos;
				TARGETED_DEVICE_FAMILY = 2;
			};
			name = Debug;
		};
		81EFBA5017F1B2F100F6FCD4 /* Release */ = {
			isa = XCBuildConfiguration;
			buildSettings = {
				ALWAYS_SEARCH_USER_PATHS = NO;
				ARCHS = "$(ARCHS_STANDARD_INCLUDING_64_BIT)";
				CLANG_CXX_LANGUAGE_STANDARD = "gnu++0x";
				CLANG_CXX_LIBRARY = "libc++";
				CLANG_ENABLE_MODULES = YES;
				CLANG_ENABLE_OBJC_ARC = YES;
				CLANG_WARN_BOOL_CONVERSION = YES;
				CLANG_WARN_CONSTANT_CONVERSION = YES;
				CLANG_WARN_DIRECT_OBJC_ISA_USAGE = YES_ERROR;
				CLANG_WARN_EMPTY_BODY = YES;
				CLANG_WARN_ENUM_CONVERSION = YES;
				CLANG_WARN_INT_CONVERSION = YES;
				CLANG_WARN_OBJC_ROOT_CLASS = YES_ERROR;
				CLANG_WARN__DUPLICATE_METHOD_MATCH = YES;
				"CODE_SIGN_IDENTITY[sdk=iphoneos*]" = "iPhone Developer";
				COPY_PHASE_STRIP = YES;
				ENABLE_NS_ASSERTIONS = NO;
				GCC_C_LANGUAGE_STANDARD = gnu99;
				GCC_TREAT_WARNINGS_AS_ERRORS = YES;
				GCC_WARN_64_TO_32_BIT_CONVERSION = YES;
				GCC_WARN_ABOUT_RETURN_TYPE = YES_ERROR;
				GCC_WARN_UNDECLARED_SELECTOR = YES;
				GCC_WARN_UNINITIALIZED_AUTOS = YES;
				GCC_WARN_UNUSED_FUNCTION = YES;
				GCC_WARN_UNUSED_VARIABLE = YES;
				IPHONEOS_DEPLOYMENT_TARGET = 7.0;
				SDKROOT = iphoneos;
				TARGETED_DEVICE_FAMILY = 2;
				VALIDATE_PRODUCT = YES;
			};
			name = Release;
		};
		81EFBA5217F1B2F100F6FCD4 /* Debug */ = {
			isa = XCBuildConfiguration;
			baseConfigurationReference = 00F96339919746DFA4BCB6CF /* Pods.xcconfig */;
			buildSettings = {
				ASSETCATALOG_COMPILER_APPICON_NAME = AppIcon;
				ASSETCATALOG_COMPILER_LAUNCHIMAGE_NAME = LaunchImage;
				GCC_PRECOMPILE_PREFIX_HEADER = YES;
				GCC_PREFIX_HEADER = "TCGoogleStreetView/SupportingFiles/TCGoogleStreetView-Prefix.pch";
				INFOPLIST_FILE = "TCGoogleStreetView/SupportingFiles/TCGoogleStreetView-Info.plist";
				PRODUCT_NAME = "$(TARGET_NAME)";
				WRAPPER_EXTENSION = app;
			};
			name = Debug;
		};
		81EFBA5317F1B2F100F6FCD4 /* Release */ = {
			isa = XCBuildConfiguration;
			baseConfigurationReference = 00F96339919746DFA4BCB6CF /* Pods.xcconfig */;
			buildSettings = {
				ASSETCATALOG_COMPILER_APPICON_NAME = AppIcon;
				ASSETCATALOG_COMPILER_LAUNCHIMAGE_NAME = LaunchImage;
				GCC_PRECOMPILE_PREFIX_HEADER = YES;
				GCC_PREFIX_HEADER = "TCGoogleStreetView/SupportingFiles/TCGoogleStreetView-Prefix.pch";
				INFOPLIST_FILE = "TCGoogleStreetView/SupportingFiles/TCGoogleStreetView-Info.plist";
				PRODUCT_NAME = "$(TARGET_NAME)";
				WRAPPER_EXTENSION = app;
			};
			name = Release;
		};
		81EFBA5517F1B2F100F6FCD4 /* Debug */ = {
			isa = XCBuildConfiguration;
			baseConfigurationReference = 00F96339919746DFA4BCB6CF /* Pods.xcconfig */;
			buildSettings = {
				ARCHS = "$(ARCHS_STANDARD_INCLUDING_64_BIT)";
				BUNDLE_LOADER = "$(BUILT_PRODUCTS_DIR)/TCGoogleStreetView.app/TCGoogleStreetView";
				FRAMEWORK_SEARCH_PATHS = (
					"$(SDKROOT)/Developer/Library/Frameworks",
					"$(inherited)",
					"$(DEVELOPER_FRAMEWORKS_DIR)",
				);
				GCC_PRECOMPILE_PREFIX_HEADER = YES;
				GCC_PREFIX_HEADER = "TCGoogleStreetView/SupportingFiles/TCGoogleStreetView-Prefix.pch";
				GCC_PREPROCESSOR_DEFINITIONS = (
					"DEBUG=1",
					"$(inherited)",
				);
				INFOPLIST_FILE = "TCGoogleStreetViewTests/SupportingFiles/TCGoogleStreetViewTests-Info.plist";
				PRODUCT_NAME = "$(TARGET_NAME)";
				TEST_HOST = "$(BUNDLE_LOADER)";
				WRAPPER_EXTENSION = xctest;
			};
			name = Debug;
		};
		81EFBA5617F1B2F100F6FCD4 /* Release */ = {
			isa = XCBuildConfiguration;
			baseConfigurationReference = 00F96339919746DFA4BCB6CF /* Pods.xcconfig */;
			buildSettings = {
				ARCHS = "$(ARCHS_STANDARD_INCLUDING_64_BIT)";
				BUNDLE_LOADER = "$(BUILT_PRODUCTS_DIR)/TCGoogleStreetView.app/TCGoogleStreetView";
				FRAMEWORK_SEARCH_PATHS = (
					"$(SDKROOT)/Developer/Library/Frameworks",
					"$(inherited)",
					"$(DEVELOPER_FRAMEWORKS_DIR)",
				);
				GCC_PRECOMPILE_PREFIX_HEADER = YES;
				GCC_PREFIX_HEADER = "TCGoogleStreetView/SupportingFiles/TCGoogleStreetView-Prefix.pch";
				INFOPLIST_FILE = "TCGoogleStreetViewTests/SupportingFiles/TCGoogleStreetViewTests-Info.plist";
				PRODUCT_NAME = "$(TARGET_NAME)";
				TEST_HOST = "$(BUNDLE_LOADER)";
				WRAPPER_EXTENSION = xctest;
			};
			name = Release;
		};
/* End XCBuildConfiguration section */

/* Begin XCConfigurationList section */
		81EFBA1A17F1B2F100F6FCD4 /* Build configuration list for PBXProject "TCGoogleStreetView" */ = {
			isa = XCConfigurationList;
			buildConfigurations = (
				81EFBA4F17F1B2F100F6FCD4 /* Debug */,
				81EFBA5017F1B2F100F6FCD4 /* Release */,
			);
			defaultConfigurationIsVisible = 0;
			defaultConfigurationName = Release;
		};
		81EFBA5117F1B2F100F6FCD4 /* Build configuration list for PBXNativeTarget "TCGoogleStreetView" */ = {
			isa = XCConfigurationList;
			buildConfigurations = (
				81EFBA5217F1B2F100F6FCD4 /* Debug */,
				81EFBA5317F1B2F100F6FCD4 /* Release */,
			);
			defaultConfigurationIsVisible = 0;
			defaultConfigurationName = Release;
		};
		81EFBA5417F1B2F100F6FCD4 /* Build configuration list for PBXNativeTarget "TCGoogleStreetViewTests" */ = {
			isa = XCConfigurationList;
			buildConfigurations = (
				81EFBA5517F1B2F100F6FCD4 /* Debug */,
				81EFBA5617F1B2F100F6FCD4 /* Release */,
			);
			defaultConfigurationIsVisible = 0;
			defaultConfigurationName = Release;
		};
/* End XCConfigurationList section */
	};
	rootObject = 81EFBA1717F1B2F100F6FCD4 /* Project object */;
}
